
Microsoft Visual Studio Solution File, Format Version 12.00
# Visual Studio 15
VisualStudioVersion = 15.0.28010.2036
MinimumVisualStudioVersion = 10.0.40219.1
Project("{FAE04EC0-301F-11D3-BF4B-00C04F79EFBC}") = "XF.MVVMBasic.Android", "XF.MVVMBasic\XF.MVVMBasic.Android\XF.MVVMBasic.Android.csproj", "{66C1573E-FCB4-4711-87C1-4D8915DA5E13}"
EndProject
Project("{FAE04EC0-301F-11D3-BF4B-00C04F79EFBC}") = "XF.MVVMBasic.iOS", "XF.MVVMBasic\XF.MVVMBasic.iOS\XF.MVVMBasic.iOS.csproj", "{BBB6D90F-C63B-41BA-8FA3-6052888CCD0A}"
EndProject
Project("{FAE04EC0-301F-11D3-BF4B-00C04F79EFBC}") = "XF.MVVMBasic", "XF.MVVMBasic\XF.MVVMBasic\XF.MVVMBasic.csproj", "{1D13CA60-6E5D-4121-B56C-3D27690BAF64}"
EndProject
Global
	GlobalSection(SolutionConfigurationPlatforms) = preSolution
		Ad-Hoc|Any CPU = Ad-Hoc|Any CPU
		Ad-Hoc|iPhone = Ad-Hoc|iPhone
		Ad-Hoc|iPhoneSimulator = Ad-Hoc|iPhoneSimulator
		AppStore|Any CPU = AppStore|Any CPU
		AppStore|iPhone = AppStore|iPhone
		AppStore|iPhoneSimulator = AppStore|iPhoneSimulator
		Debug|Any CPU = Debug|Any CPU
		Debug|iPhone = Debug|iPhone
		Debug|iPhoneSimulator = Debug|iPhoneSimulator
		Release|Any CPU = Release|Any CPU
		Release|iPhone = Release|iPhone
		Release|iPhoneSimulator = Release|iPhoneSimulator
	EndGlobalSection
	GlobalSection(ProjectConfigurationPlatforms) = postSolution
		{66C1573E-FCB4-4711-87C1-4D8915DA5E13}.Ad-Hoc|Any CPU.ActiveCfg = Release|Any CPU
		{66C1573E-FCB4-4711-87C1-4D8915DA5E13}.Ad-Hoc|Any CPU.Build.0 = Release|Any CPU
		{66C1573E-FCB4-4711-87C1-4D8915DA5E13}.Ad-Hoc|Any CPU.Deploy.0 = Release|Any CPU
		{66C1573E-FCB4-4711-87C1-4D8915DA5E13}.Ad-Hoc|iPhone.ActiveCfg = Release|Any CPU
		{66C1573E-FCB4-4711-87C1-4D8915DA5E13}.Ad-Hoc|iPhone.Build.0 = Release|Any CPU
		{66C1573E-FCB4-4711-87C1-4D8915DA5E13}.Ad-Hoc|iPhone.Deploy.0 = Release|Any CPU
		{66C1573E-FCB4-4711-87C1-4D8915DA5E13}.Ad-Hoc|iPhoneSimulator.ActiveCfg = Release|Any CPU
		{66C1573E-FCB4-4711-87C1-4D8915DA5E13}.Ad-Hoc|iPhoneSimulator.Build.0 = Release|Any CPU
		{66C1573E-FCB4-4711-87C1-4D8915DA5E13}.Ad-Hoc|iPhoneSimulator.Deploy.0 = Release|Any CPU
		{66C1573E-FCB4-4711-87C1-4D8915DA5E13}.AppStore|Any CPU.ActiveCfg = Release|Any CPU
		{66C1573E-FCB4-4711-87C1-4D8915DA5E13}.AppStore|Any CPU.Build.0 = Release|Any CPU
		{66C1573E-FCB4-4711-87C1-4D8915DA5E13}.AppStore|Any CPU.Deploy.0 = Release|Any CPU
		{66C1573E-FCB4-4711-87C1-4D8915DA5E13}.AppStore|iPhone.ActiveCfg = Release|Any CPU
		{66C1573E-FCB4-4711-87C1-4D8915DA5E13}.AppStore|iPhone.Build.0 = Release|Any CPU
		{66C1573E-FCB4-4711-87C1-4D8915DA5E13}.AppStore|iPhone.Deploy.0 = Release|Any CPU
		{66C1573E-FCB4-4711-87C1-4D8915DA5E13}.AppStore|iPhoneSimulator.ActiveCfg = Release|Any CPU
		{66C1573E-FCB4-4711-87C1-4D8915DA5E13}.AppStore|iPhoneSimulator.Build.0 = Release|Any CPU
		{66C1573E-FCB4-4711-87C1-4D8915DA5E13}.AppStore|iPhoneSimulator.Deploy.0 = Release|Any CPU
		{66C1573E-FCB4-4711-87C1-4D8915DA5E13}.Debug|Any CPU.ActiveCfg = Debug|Any CPU
		{66C1573E-FCB4-4711-87C1-4D8915DA5E13}.Debug|Any CPU.Build.0 = Debug|Any CPU
		{66C1573E-FCB4-4711-87C1-4D8915DA5E13}.Debug|Any CPU.Deploy.0 = Debug|Any CPU
		{66C1573E-FCB4-4711-87C1-4D8915DA5E13}.Debug|iPhone.ActiveCfg = Debug|Any CPU
		{66C1573E-FCB4-4711-87C1-4D8915DA5E13}.Debug|iPhone.Build.0 = Debug|Any CPU
		{66C1573E-FCB4-4711-87C1-4D8915DA5E13}.Debug|iPhone.Deploy.0 = Debug|Any CPU
		{66C1573E-FCB4-4711-87C1-4D8915DA5E13}.Debug|iPhoneSimulator.ActiveCfg = Debug|Any CPU
		{66C1573E-FCB4-4711-87C1-4D8915DA5E13}.Debug|iPhoneSimulator.Build.0 = Debug|Any CPU
		{66C1573E-FCB4-4711-87C1-4D8915DA5E13}.Debug|iPhoneSimulator.Deploy.0 = Debug|Any CPU
		{66C1573E-FCB4-4711-87C1-4D8915DA5E13}.Release|Any CPU.ActiveCfg = Release|Any CPU
		{66C1573E-FCB4-4711-87C1-4D8915DA5E13}.Release|Any CPU.Build.0 = Release|Any CPU
		{66C1573E-FCB4-4711-87C1-4D8915DA5E13}.Release|Any CPU.Deploy.0 = Release|Any CPU
		{66C1573E-FCB4-4711-87C1-4D8915DA5E13}.Release|iPhone.ActiveCfg = Release|Any CPU
		{66C1573E-FCB4-4711-87C1-4D8915DA5E13}.Release|iPhone.Build.0 = Release|Any CPU
		{66C1573E-FCB4-4711-87C1-4D8915DA5E13}.Release|iPhone.Deploy.0 = Release|Any CPU
		{66C1573E-FCB4-4711-87C1-4D8915DA5E13}.Release|iPhoneSimulator.ActiveCfg = Release|Any CPU
		{66C1573E-FCB4-4711-87C1-4D8915DA5E13}.Release|iPhoneSimulator.Build.0 = Release|Any CPU
		{66C1573E-FCB4-4711-87C1-4D8915DA5E13}.Release|iPhoneSimulator.Deploy.0 = Release|Any CPU
		{BBB6D90F-C63B-41BA-8FA3-6052888CCD0A}.Ad-Hoc|Any CPU.ActiveCfg = Ad-Hoc|iPhone
		{BBB6D90F-C63B-41BA-8FA3-6052888CCD0A}.Ad-Hoc|Any CPU.Build.0 = Ad-Hoc|iPhone
		{BBB6D90F-C63B-41BA-8FA3-6052888CCD0A}.Ad-Hoc|Any CPU.Deploy.0 = Ad-Hoc|iPhone
		{BBB6D90F-C63B-41BA-8FA3-6052888CCD0A}.Ad-Hoc|iPhone.ActiveCfg = Ad-Hoc|iPhone
		{BBB6D90F-C63B-41BA-8FA3-6052888CCD0A}.Ad-Hoc|iPhone.Build.0 = Ad-Hoc|iPhone
		{BBB6D90F-C63B-41BA-8FA3-6052888CCD0A}.Ad-Hoc|iPhone.Deploy.0 = Ad-Hoc|iPhone
		{BBB6D90F-C63B-41BA-8FA3-6052888CCD0A}.Ad-Hoc|iPhoneSimulator.ActiveCfg = Ad-Hoc|iPhoneSimulator
		{BBB6D90F-C63B-41BA-8FA3-6052888CCD0A}.Ad-Hoc|iPhoneSimulator.Build.0 = Ad-Hoc|iPhoneSimulator
		{BBB6D90F-C63B-41BA-8FA3-6052888CCD0A}.Ad-Hoc|iPhoneSimulator.Deploy.0 = Ad-Hoc|iPhoneSimulator
		{BBB6D90F-C63B-41BA-8FA3-6052888CCD0A}.AppStore|Any CPU.ActiveCfg = AppStore|iPhone
		{BBB6D90F-C63B-41BA-8FA3-6052888CCD0A}.AppStore|Any CPU.Build.0 = AppStore|iPhone
		{BBB6D90F-C63B-41BA-8FA3-6052888CCD0A}.AppStore|Any CPU.Deploy.0 = AppStore|iPhone
		{BBB6D90F-C63B-41BA-8FA3-6052888CCD0A}.AppStore|iPhone.ActiveCfg = AppStore|iPhone
		{BBB6D90F-C63B-41BA-8FA3-6052888CCD0A}.AppStore|iPhone.Build.0 = AppStore|iPhone
		{BBB6D90F-C63B-41BA-8FA3-6052888CCD0A}.AppStore|iPhone.Deploy.0 = AppStore|iPhone
		{BBB6D90F-C63B-41BA-8FA3-6052888CCD0A}.AppStore|iPhoneSimulator.ActiveCfg = AppStore|iPhoneSimulator
		{BBB6D90F-C63B-41BA-8FA3-6052888CCD0A}.AppStore|iPhoneSimulator.Build.0 = AppStore|iPhoneSimulator
		{BBB6D90F-C63B-41BA-8FA3-6052888CCD0A}.AppStore|iPhoneSimulator.Deploy.0 = AppStore|iPhoneSimulator
		{BBB6D90F-C63B-41BA-8FA3-6052888CCD0A}.Debug|Any CPU.ActiveCfg = Debug|iPhoneSimulator
		{BBB6D90F-C63B-41BA-8FA3-6052888CCD0A}.Debug|Any CPU.Build.0 = Debug|iPhoneSimulator
		{BBB6D90F-C63B-41BA-8FA3-6052888CCD0A}.Debug|Any CPU.Deploy.0 = Debug|iPhoneSimulator
		{BBB6D90F-C63B-41BA-8FA3-6052888CCD0A}.Debug|iPhone.ActiveCfg = Debug|iPhone
		{BBB6D90F-C63B-41BA-8FA3-6052888CCD0A}.Debug|iPhone.Build.0 = Debug|iPhone
		{BBB6D90F-C63B-41BA-8FA3-6052888CCD0A}.Debug|iPhone.Deploy.0 = Debug|iPhone
		{BBB6D90F-C63B-41BA-8FA3-6052888CCD0A}.Debug|iPhoneSimulator.ActiveCfg = Debug|iPhoneSimulator
		{BBB6D90F-C63B-41BA-8FA3-6052888CCD0A}.Debug|iPhoneSimulator.Build.0 = Debug|iPhoneSimulator
		{BBB6D90F-C63B-41BA-8FA3-6052888CCD0A}.Debug|iPhoneSimulator.Deploy.0 = Debug|iPhoneSimulator
		{BBB6D90F-C63B-41BA-8FA3-6052888CCD0A}.Release|Any CPU.ActiveCfg = Release|iPhone
		{BBB6D90F-C63B-41BA-8FA3-6052888CCD0A}.Release|Any CPU.Build.0 = Release|iPhone
		{BBB6D90F-C63B-41BA-8FA3-6052888CCD0A}.Release|Any CPU.Deploy.0 = Release|iPhone
		{BBB6D90F-C63B-41BA-8FA3-6052888CCD0A}.Release|iPhone.ActiveCfg = Release|iPhone
		{BBB6D90F-C63B-41BA-8FA3-6052888CCD0A}.Release|iPhone.Build.0 = Release|iPhone
		{BBB6D90F-C63B-41BA-8FA3-6052888CCD0A}.Release|iPhone.Deploy.0 = Release|iPhone
		{BBB6D90F-C63B-41BA-8FA3-6052888CCD0A}.Release|iPhoneSimulator.ActiveCfg = Release|iPhoneSimulator
		{BBB6D90F-C63B-41BA-8FA3-6052888CCD0A}.Release|iPhoneSimulator.Build.0 = Release|iPhoneSimulator
		{BBB6D90F-C63B-41BA-8FA3-6052888CCD0A}.Release|iPhoneSimulator.Deploy.0 = Release|iPhoneSimulator
		{1D13CA60-6E5D-4121-B56C-3D27690BAF64}.Ad-Hoc|Any CPU.ActiveCfg = Debug|Any CPU
		{1D13CA60-6E5D-4121-B56C-3D27690BAF64}.Ad-Hoc|Any CPU.Build.0 = Debug|Any CPU
		{1D13CA60-6E5D-4121-B56C-3D27690BAF64}.Ad-Hoc|Any CPU.Deploy.0 = Debug|Any CPU
		{1D13CA60-6E5D-4121-B56C-3D27690BAF64}.Ad-Hoc|iPhone.ActiveCfg = Debug|Any CPU
		{1D13CA60-6E5D-4121-B56C-3D27690BAF64}.Ad-Hoc|iPhone.Build.0 = Debug|Any CPU
		{1D13CA60-6E5D-4121-B56C-3D27690BAF64}.Ad-Hoc|iPhone.Deploy.0 = Debug|Any CPU
		{1D13CA60-6E5D-4121-B56C-3D27690BAF64}.Ad-Hoc|iPhoneSimulator.ActiveCfg = Debug|Any CPU
		{1D13CA60-6E5D-4121-B56C-3D27690BAF64}.Ad-Hoc|iPhoneSimulator.Build.0 = Debug|Any CPU
		{1D13CA60-6E5D-4121-B56C-3D27690BAF64}.Ad-Hoc|iPhoneSimulator.Deploy.0 = Debug|Any CPU
		{1D13CA60-6E5D-4121-B56C-3D27690BAF64}.AppStore|Any CPU.ActiveCfg = Debug|Any CPU
		{1D13CA60-6E5D-4121-B56C-3D27690BAF64}.AppStore|Any CPU.Build.0 = Debug|Any CPU
		{1D13CA60-6E5D-4121-B56C-3D27690BAF64}.AppStore|Any CPU.Deploy.0 = Debug|Any CPU
		{1D13CA60-6E5D-4121-B56C-3D27690BAF64}.AppStore|iPhone.ActiveCfg = Debug|Any CPU
		{1D13CA60-6E5D-4121-B56C-3D27690BAF64}.AppStore|iPhone.Build.0 = Debug|Any CPU
		{1D13CA60-6E5D-4121-B56C-3D27690BAF64}.AppStore|iPhone.Deploy.0 = Debug|Any CPU
		{1D13CA60-6E5D-4121-B56C-3D27690BAF64}.AppStore|iPhoneSimulator.ActiveCfg = Debug|Any CPU
		{1D13CA60-6E5D-4121-B56C-3D27690BAF64}.AppStore|iPhoneSimulator.Build.0 = Debug|Any CPU
		{1D13CA60-6E5D-4121-B56C-3D27690BAF64}.AppStore|iPhoneSimulator.Deploy.0 = Debug|Any CPU
		{1D13CA60-6E5D-4121-B56C-3D27690BAF64}.Debug|Any CPU.ActiveCfg = Debug|Any CPU
		{1D13CA60-6E5D-4121-B56C-3D27690BAF64}.Debug|Any CPU.Build.0 = Debug|Any CPU
		{1D13CA60-6E5D-4121-B56C-3D27690BAF64}.Debug|Any CPU.Deploy.0 = Debug|Any CPU
		{1D13CA60-6E5D-4121-B56C-3D27690BAF64}.Debug|iPhone.ActiveCfg = Debug|Any CPU
		{1D13CA60-6E5D-4121-B56C-3D27690BAF64}.Debug|iPhone.Build.0 = Debug|Any CPU
		{1D13CA60-6E5D-4121-B56C-3D27690BAF64}.Debug|iPhone.Deploy.0 = Debug|Any CPU
		{1D13CA60-6E5D-4121-B56C-3D27690BAF64}.Debug|iPhoneSimulator.ActiveCfg = Debug|Any CPU
		{1D13CA60-6E5D-4121-B56C-3D27690BAF64}.Debug|iPhoneSimulator.Build.0 = Debug|Any CPU
		{1D13CA60-6E5D-4121-B56C-3D27690BAF64}.Debug|iPhoneSimulator.Deploy.0 = Debug|Any CPU
		{1D13CA60-6E5D-4121-B56C-3D27690BAF64}.Release|Any CPU.ActiveCfg = Release|Any CPU
		{1D13CA60-6E5D-4121-B56C-3D27690BAF64}.Release|Any CPU.Build.0 = Release|Any CPU
		{1D13CA60-6E5D-4121-B56C-3D27690BAF64}.Release|Any CPU.Deploy.0 = Release|Any CPU
		{1D13CA60-6E5D-4121-B56C-3D27690BAF64}.Release|iPhone.ActiveCfg = Release|Any CPU
		{1D13CA60-6E5D-4121-B56C-3D27690BAF64}.Release|iPhone.Build.0 = Release|Any CPU
		{1D13CA60-6E5D-4121-B56C-3D27690BAF64}.Release|iPhone.Deploy.0 = Release|Any CPU
		{1D13CA60-6E5D-4121-B56C-3D27690BAF64}.Release|iPhoneSimulator.ActiveCfg = Release|Any CPU
		{1D13CA60-6E5D-4121-B56C-3D27690BAF64}.Release|iPhoneSimulator.Build.0 = Release|Any CPU
		{1D13CA60-6E5D-4121-B56C-3D27690BAF64}.Release|iPhoneSimulator.Deploy.0 = Release|Any CPU
	EndGlobalSection
	GlobalSection(SolutionProperties) = preSolution
		HideSolutionNode = FALSE
	EndGlobalSection
	GlobalSection(ExtensibilityGlobals) = postSolution
		SolutionGuid = {E0D7A8DD-1C89-45C1-BFFE-2E6F603F664D}
	EndGlobalSection
EndGlobal
