
Microsoft Visual Studio Solution File, Format Version 12.00
# Visual Studio 15
VisualStudioVersion = 15.0.27703.2035
MinimumVisualStudioVersion = 10.0.40219.1
Project("{FAE04EC0-301F-11D3-BF4B-00C04F79EFBC}") = "XF.AplicativoFiap.Android", "XF.AplicativoFiap\XF.AplicativoFiap.Android\XF.AplicativoFiap.Android.csproj", "{20B3AC4C-1D7A-4983-BF1D-D14F1D09A590}"
EndProject
Project("{FAE04EC0-301F-11D3-BF4B-00C04F79EFBC}") = "XF.AplicativoFiap.iOS", "XF.AplicativoFiap\XF.AplicativoFiap.iOS\XF.AplicativoFiap.iOS.csproj", "{2461208A-7A68-47DB-8CBD-17467357298B}"
EndProject
Project("{FAE04EC0-301F-11D3-BF4B-00C04F79EFBC}") = "XF.AplicativoFiap", "XF.AplicativoFiap\XF.AplicativoFiap\XF.AplicativoFiap.csproj", "{F953C697-1BA7-47B6-AB34-18B49D86B0A9}"
EndProject
Global
	GlobalSection(SolutionConfigurationPlatforms) = preSolution
		Ad-Hoc|Any CPU = Ad-Hoc|Any CPU
		Ad-Hoc|iPhone = Ad-Hoc|iPhone
		Ad-Hoc|iPhoneSimulator = Ad-Hoc|iPhoneSimulator
		AppStore|Any CPU = AppStore|Any CPU
		AppStore|iPhone = AppStore|iPhone
		AppStore|iPhoneSimulator = AppStore|iPhoneSimulator
		Debug|Any CPU = Debug|Any CPU
		Debug|iPhone = Debug|iPhone
		Debug|iPhoneSimulator = Debug|iPhoneSimulator
		Release|Any CPU = Release|Any CPU
		Release|iPhone = Release|iPhone
		Release|iPhoneSimulator = Release|iPhoneSimulator
	EndGlobalSection
	GlobalSection(ProjectConfigurationPlatforms) = postSolution
		{20B3AC4C-1D7A-4983-BF1D-D14F1D09A590}.Ad-Hoc|Any CPU.ActiveCfg = Release|Any CPU
		{20B3AC4C-1D7A-4983-BF1D-D14F1D09A590}.Ad-Hoc|Any CPU.Build.0 = Release|Any CPU
		{20B3AC4C-1D7A-4983-BF1D-D14F1D09A590}.Ad-Hoc|Any CPU.Deploy.0 = Release|Any CPU
		{20B3AC4C-1D7A-4983-BF1D-D14F1D09A590}.Ad-Hoc|iPhone.ActiveCfg = Release|Any CPU
		{20B3AC4C-1D7A-4983-BF1D-D14F1D09A590}.Ad-Hoc|iPhone.Build.0 = Release|Any CPU
		{20B3AC4C-1D7A-4983-BF1D-D14F1D09A590}.Ad-Hoc|iPhone.Deploy.0 = Release|Any CPU
		{20B3AC4C-1D7A-4983-BF1D-D14F1D09A590}.Ad-Hoc|iPhoneSimulator.ActiveCfg = Release|Any CPU
		{20B3AC4C-1D7A-4983-BF1D-D14F1D09A590}.Ad-Hoc|iPhoneSimulator.Build.0 = Release|Any CPU
		{20B3AC4C-1D7A-4983-BF1D-D14F1D09A590}.Ad-Hoc|iPhoneSimulator.Deploy.0 = Release|Any CPU
		{20B3AC4C-1D7A-4983-BF1D-D14F1D09A590}.AppStore|Any CPU.ActiveCfg = Release|Any CPU
		{20B3AC4C-1D7A-4983-BF1D-D14F1D09A590}.AppStore|Any CPU.Build.0 = Release|Any CPU
		{20B3AC4C-1D7A-4983-BF1D-D14F1D09A590}.AppStore|Any CPU.Deploy.0 = Release|Any CPU
		{20B3AC4C-1D7A-4983-BF1D-D14F1D09A590}.AppStore|iPhone.ActiveCfg = Release|Any CPU
		{20B3AC4C-1D7A-4983-BF1D-D14F1D09A590}.AppStore|iPhone.Build.0 = Release|Any CPU
		{20B3AC4C-1D7A-4983-BF1D-D14F1D09A590}.AppStore|iPhone.Deploy.0 = Release|Any CPU
		{20B3AC4C-1D7A-4983-BF1D-D14F1D09A590}.AppStore|iPhoneSimulator.ActiveCfg = Release|Any CPU
		{20B3AC4C-1D7A-4983-BF1D-D14F1D09A590}.AppStore|iPhoneSimulator.Build.0 = Release|Any CPU
		{20B3AC4C-1D7A-4983-BF1D-D14F1D09A590}.AppStore|iPhoneSimulator.Deploy.0 = Release|Any CPU
		{20B3AC4C-1D7A-4983-BF1D-D14F1D09A590}.Debug|Any CPU.ActiveCfg = Debug|Any CPU
		{20B3AC4C-1D7A-4983-BF1D-D14F1D09A590}.Debug|Any CPU.Build.0 = Debug|Any CPU
		{20B3AC4C-1D7A-4983-BF1D-D14F1D09A590}.Debug|Any CPU.Deploy.0 = Debug|Any CPU
		{20B3AC4C-1D7A-4983-BF1D-D14F1D09A590}.Debug|iPhone.ActiveCfg = Debug|Any CPU
		{20B3AC4C-1D7A-4983-BF1D-D14F1D09A590}.Debug|iPhone.Build.0 = Debug|Any CPU
		{20B3AC4C-1D7A-4983-BF1D-D14F1D09A590}.Debug|iPhone.Deploy.0 = Debug|Any CPU
		{20B3AC4C-1D7A-4983-BF1D-D14F1D09A590}.Debug|iPhoneSimulator.ActiveCfg = Debug|Any CPU
		{20B3AC4C-1D7A-4983-BF1D-D14F1D09A590}.Debug|iPhoneSimulator.Build.0 = Debug|Any CPU
		{20B3AC4C-1D7A-4983-BF1D-D14F1D09A590}.Debug|iPhoneSimulator.Deploy.0 = Debug|Any CPU
		{20B3AC4C-1D7A-4983-BF1D-D14F1D09A590}.Release|Any CPU.ActiveCfg = Release|Any CPU
		{20B3AC4C-1D7A-4983-BF1D-D14F1D09A590}.Release|Any CPU.Build.0 = Release|Any CPU
		{20B3AC4C-1D7A-4983-BF1D-D14F1D09A590}.Release|Any CPU.Deploy.0 = Release|Any CPU
		{20B3AC4C-1D7A-4983-BF1D-D14F1D09A590}.Release|iPhone.ActiveCfg = Release|Any CPU
		{20B3AC4C-1D7A-4983-BF1D-D14F1D09A590}.Release|iPhone.Build.0 = Release|Any CPU
		{20B3AC4C-1D7A-4983-BF1D-D14F1D09A590}.Release|iPhone.Deploy.0 = Release|Any CPU
		{20B3AC4C-1D7A-4983-BF1D-D14F1D09A590}.Release|iPhoneSimulator.ActiveCfg = Release|Any CPU
		{20B3AC4C-1D7A-4983-BF1D-D14F1D09A590}.Release|iPhoneSimulator.Build.0 = Release|Any CPU
		{20B3AC4C-1D7A-4983-BF1D-D14F1D09A590}.Release|iPhoneSimulator.Deploy.0 = Release|Any CPU
		{2461208A-7A68-47DB-8CBD-17467357298B}.Ad-Hoc|Any CPU.ActiveCfg = Ad-Hoc|iPhone
		{2461208A-7A68-47DB-8CBD-17467357298B}.Ad-Hoc|Any CPU.Build.0 = Ad-Hoc|iPhone
		{2461208A-7A68-47DB-8CBD-17467357298B}.Ad-Hoc|Any CPU.Deploy.0 = Ad-Hoc|iPhone
		{2461208A-7A68-47DB-8CBD-17467357298B}.Ad-Hoc|iPhone.ActiveCfg = Ad-Hoc|iPhone
		{2461208A-7A68-47DB-8CBD-17467357298B}.Ad-Hoc|iPhone.Build.0 = Ad-Hoc|iPhone
		{2461208A-7A68-47DB-8CBD-17467357298B}.Ad-Hoc|iPhone.Deploy.0 = Ad-Hoc|iPhone
		{2461208A-7A68-47DB-8CBD-17467357298B}.Ad-Hoc|iPhoneSimulator.ActiveCfg = Ad-Hoc|iPhoneSimulator
		{2461208A-7A68-47DB-8CBD-17467357298B}.Ad-Hoc|iPhoneSimulator.Build.0 = Ad-Hoc|iPhoneSimulator
		{2461208A-7A68-47DB-8CBD-17467357298B}.Ad-Hoc|iPhoneSimulator.Deploy.0 = Ad-Hoc|iPhoneSimulator
		{2461208A-7A68-47DB-8CBD-17467357298B}.AppStore|Any CPU.ActiveCfg = AppStore|iPhone
		{2461208A-7A68-47DB-8CBD-17467357298B}.AppStore|Any CPU.Build.0 = AppStore|iPhone
		{2461208A-7A68-47DB-8CBD-17467357298B}.AppStore|Any CPU.Deploy.0 = AppStore|iPhone
		{2461208A-7A68-47DB-8CBD-17467357298B}.AppStore|iPhone.ActiveCfg = AppStore|iPhone
		{2461208A-7A68-47DB-8CBD-17467357298B}.AppStore|iPhone.Build.0 = AppStore|iPhone
		{2461208A-7A68-47DB-8CBD-17467357298B}.AppStore|iPhone.Deploy.0 = AppStore|iPhone
		{2461208A-7A68-47DB-8CBD-17467357298B}.AppStore|iPhoneSimulator.ActiveCfg = AppStore|iPhoneSimulator
		{2461208A-7A68-47DB-8CBD-17467357298B}.AppStore|iPhoneSimulator.Build.0 = AppStore|iPhoneSimulator
		{2461208A-7A68-47DB-8CBD-17467357298B}.AppStore|iPhoneSimulator.Deploy.0 = AppStore|iPhoneSimulator
		{2461208A-7A68-47DB-8CBD-17467357298B}.Debug|Any CPU.ActiveCfg = Debug|iPhoneSimulator
		{2461208A-7A68-47DB-8CBD-17467357298B}.Debug|Any CPU.Build.0 = Debug|iPhoneSimulator
		{2461208A-7A68-47DB-8CBD-17467357298B}.Debug|Any CPU.Deploy.0 = Debug|iPhoneSimulator
		{2461208A-7A68-47DB-8CBD-17467357298B}.Debug|iPhone.ActiveCfg = Debug|iPhone
		{2461208A-7A68-47DB-8CBD-17467357298B}.Debug|iPhone.Build.0 = Debug|iPhone
		{2461208A-7A68-47DB-8CBD-17467357298B}.Debug|iPhone.Deploy.0 = Debug|iPhone
		{2461208A-7A68-47DB-8CBD-17467357298B}.Debug|iPhoneSimulator.ActiveCfg = Debug|iPhoneSimulator
		{2461208A-7A68-47DB-8CBD-17467357298B}.Debug|iPhoneSimulator.Build.0 = Debug|iPhoneSimulator
		{2461208A-7A68-47DB-8CBD-17467357298B}.Debug|iPhoneSimulator.Deploy.0 = Debug|iPhoneSimulator
		{2461208A-7A68-47DB-8CBD-17467357298B}.Release|Any CPU.ActiveCfg = Release|iPhone
		{2461208A-7A68-47DB-8CBD-17467357298B}.Release|Any CPU.Build.0 = Release|iPhone
		{2461208A-7A68-47DB-8CBD-17467357298B}.Release|Any CPU.Deploy.0 = Release|iPhone
		{2461208A-7A68-47DB-8CBD-17467357298B}.Release|iPhone.ActiveCfg = Release|iPhone
		{2461208A-7A68-47DB-8CBD-17467357298B}.Release|iPhone.Build.0 = Release|iPhone
		{2461208A-7A68-47DB-8CBD-17467357298B}.Release|iPhone.Deploy.0 = Release|iPhone
		{2461208A-7A68-47DB-8CBD-17467357298B}.Release|iPhoneSimulator.ActiveCfg = Release|iPhoneSimulator
		{2461208A-7A68-47DB-8CBD-17467357298B}.Release|iPhoneSimulator.Build.0 = Release|iPhoneSimulator
		{2461208A-7A68-47DB-8CBD-17467357298B}.Release|iPhoneSimulator.Deploy.0 = Release|iPhoneSimulator
		{F953C697-1BA7-47B6-AB34-18B49D86B0A9}.Ad-Hoc|Any CPU.ActiveCfg = Debug|Any CPU
		{F953C697-1BA7-47B6-AB34-18B49D86B0A9}.Ad-Hoc|Any CPU.Build.0 = Debug|Any CPU
		{F953C697-1BA7-47B6-AB34-18B49D86B0A9}.Ad-Hoc|Any CPU.Deploy.0 = Debug|Any CPU
		{F953C697-1BA7-47B6-AB34-18B49D86B0A9}.Ad-Hoc|iPhone.ActiveCfg = Debug|Any CPU
		{F953C697-1BA7-47B6-AB34-18B49D86B0A9}.Ad-Hoc|iPhone.Build.0 = Debug|Any CPU
		{F953C697-1BA7-47B6-AB34-18B49D86B0A9}.Ad-Hoc|iPhone.Deploy.0 = Debug|Any CPU
		{F953C697-1BA7-47B6-AB34-18B49D86B0A9}.Ad-Hoc|iPhoneSimulator.ActiveCfg = Debug|Any CPU
		{F953C697-1BA7-47B6-AB34-18B49D86B0A9}.Ad-Hoc|iPhoneSimulator.Build.0 = Debug|Any CPU
		{F953C697-1BA7-47B6-AB34-18B49D86B0A9}.Ad-Hoc|iPhoneSimulator.Deploy.0 = Debug|Any CPU
		{F953C697-1BA7-47B6-AB34-18B49D86B0A9}.AppStore|Any CPU.ActiveCfg = Debug|Any CPU
		{F953C697-1BA7-47B6-AB34-18B49D86B0A9}.AppStore|Any CPU.Build.0 = Debug|Any CPU
		{F953C697-1BA7-47B6-AB34-18B49D86B0A9}.AppStore|Any CPU.Deploy.0 = Debug|Any CPU
		{F953C697-1BA7-47B6-AB34-18B49D86B0A9}.AppStore|iPhone.ActiveCfg = Debug|Any CPU
		{F953C697-1BA7-47B6-AB34-18B49D86B0A9}.AppStore|iPhone.Build.0 = Debug|Any CPU
		{F953C697-1BA7-47B6-AB34-18B49D86B0A9}.AppStore|iPhone.Deploy.0 = Debug|Any CPU
		{F953C697-1BA7-47B6-AB34-18B49D86B0A9}.AppStore|iPhoneSimulator.ActiveCfg = Debug|Any CPU
		{F953C697-1BA7-47B6-AB34-18B49D86B0A9}.AppStore|iPhoneSimulator.Build.0 = Debug|Any CPU
		{F953C697-1BA7-47B6-AB34-18B49D86B0A9}.AppStore|iPhoneSimulator.Deploy.0 = Debug|Any CPU
		{F953C697-1BA7-47B6-AB34-18B49D86B0A9}.Debug|Any CPU.ActiveCfg = Debug|Any CPU
		{F953C697-1BA7-47B6-AB34-18B49D86B0A9}.Debug|Any CPU.Build.0 = Debug|Any CPU
		{F953C697-1BA7-47B6-AB34-18B49D86B0A9}.Debug|Any CPU.Deploy.0 = Debug|Any CPU
		{F953C697-1BA7-47B6-AB34-18B49D86B0A9}.Debug|iPhone.ActiveCfg = Debug|Any CPU
		{F953C697-1BA7-47B6-AB34-18B49D86B0A9}.Debug|iPhone.Build.0 = Debug|Any CPU
		{F953C697-1BA7-47B6-AB34-18B49D86B0A9}.Debug|iPhone.Deploy.0 = Debug|Any CPU
		{F953C697-1BA7-47B6-AB34-18B49D86B0A9}.Debug|iPhoneSimulator.ActiveCfg = Debug|Any CPU
		{F953C697-1BA7-47B6-AB34-18B49D86B0A9}.Debug|iPhoneSimulator.Build.0 = Debug|Any CPU
		{F953C697-1BA7-47B6-AB34-18B49D86B0A9}.Debug|iPhoneSimulator.Deploy.0 = Debug|Any CPU
		{F953C697-1BA7-47B6-AB34-18B49D86B0A9}.Release|Any CPU.ActiveCfg = Release|Any CPU
		{F953C697-1BA7-47B6-AB34-18B49D86B0A9}.Release|Any CPU.Build.0 = Release|Any CPU
		{F953C697-1BA7-47B6-AB34-18B49D86B0A9}.Release|Any CPU.Deploy.0 = Release|Any CPU
		{F953C697-1BA7-47B6-AB34-18B49D86B0A9}.Release|iPhone.ActiveCfg = Release|Any CPU
		{F953C697-1BA7-47B6-AB34-18B49D86B0A9}.Release|iPhone.Build.0 = Release|Any CPU
		{F953C697-1BA7-47B6-AB34-18B49D86B0A9}.Release|iPhone.Deploy.0 = Release|Any CPU
		{F953C697-1BA7-47B6-AB34-18B49D86B0A9}.Release|iPhoneSimulator.ActiveCfg = Release|Any CPU
		{F953C697-1BA7-47B6-AB34-18B49D86B0A9}.Release|iPhoneSimulator.Build.0 = Release|Any CPU
		{F953C697-1BA7-47B6-AB34-18B49D86B0A9}.Release|iPhoneSimulator.Deploy.0 = Release|Any CPU
	EndGlobalSection
	GlobalSection(SolutionProperties) = preSolution
		HideSolutionNode = FALSE
	EndGlobalSection
	GlobalSection(ExtensibilityGlobals) = postSolution
		SolutionGuid = {2B8E22DD-E83F-4F1D-BBE5-38247279975E}
	EndGlobalSection
EndGlobal
