
Microsoft Visual Studio Solution File, Format Version 12.00
# Visual Studio 15
VisualStudioVersion = 15.0.27703.2035
MinimumVisualStudioVersion = 10.0.40219.1
Project("{FAE04EC0-301F-11D3-BF4B-00C04F79EFBC}") = "XF.MVVMBasic.Android", "XF.MVVMBasic\XF.MVVMBasic.Android\XF.MVVMBasic.Android.csproj", "{9BECD3E0-1A9F-4664-A7A8-A1D96343DC94}"
EndProject
Project("{FAE04EC0-301F-11D3-BF4B-00C04F79EFBC}") = "XF.MVVMBasic.iOS", "XF.MVVMBasic\XF.MVVMBasic.iOS\XF.MVVMBasic.iOS.csproj", "{C0C70961-CC9F-4B05-AF49-D1F4C6452049}"
EndProject
Project("{FAE04EC0-301F-11D3-BF4B-00C04F79EFBC}") = "XF.MVVMBasic", "XF.MVVMBasic\XF.MVVMBasic\XF.MVVMBasic.csproj", "{2CA8607C-1856-4898-BAF2-C4862BCD30D9}"
EndProject
Global
	GlobalSection(SolutionConfigurationPlatforms) = preSolution
		Ad-Hoc|Any CPU = Ad-Hoc|Any CPU
		Ad-Hoc|iPhone = Ad-Hoc|iPhone
		Ad-Hoc|iPhoneSimulator = Ad-Hoc|iPhoneSimulator
		AppStore|Any CPU = AppStore|Any CPU
		AppStore|iPhone = AppStore|iPhone
		AppStore|iPhoneSimulator = AppStore|iPhoneSimulator
		Debug|Any CPU = Debug|Any CPU
		Debug|iPhone = Debug|iPhone
		Debug|iPhoneSimulator = Debug|iPhoneSimulator
		Release|Any CPU = Release|Any CPU
		Release|iPhone = Release|iPhone
		Release|iPhoneSimulator = Release|iPhoneSimulator
	EndGlobalSection
	GlobalSection(ProjectConfigurationPlatforms) = postSolution
		{9BECD3E0-1A9F-4664-A7A8-A1D96343DC94}.Ad-Hoc|Any CPU.ActiveCfg = Release|Any CPU
		{9BECD3E0-1A9F-4664-A7A8-A1D96343DC94}.Ad-Hoc|Any CPU.Build.0 = Release|Any CPU
		{9BECD3E0-1A9F-4664-A7A8-A1D96343DC94}.Ad-Hoc|Any CPU.Deploy.0 = Release|Any CPU
		{9BECD3E0-1A9F-4664-A7A8-A1D96343DC94}.Ad-Hoc|iPhone.ActiveCfg = Release|Any CPU
		{9BECD3E0-1A9F-4664-A7A8-A1D96343DC94}.Ad-Hoc|iPhone.Build.0 = Release|Any CPU
		{9BECD3E0-1A9F-4664-A7A8-A1D96343DC94}.Ad-Hoc|iPhone.Deploy.0 = Release|Any CPU
		{9BECD3E0-1A9F-4664-A7A8-A1D96343DC94}.Ad-Hoc|iPhoneSimulator.ActiveCfg = Release|Any CPU
		{9BECD3E0-1A9F-4664-A7A8-A1D96343DC94}.Ad-Hoc|iPhoneSimulator.Build.0 = Release|Any CPU
		{9BECD3E0-1A9F-4664-A7A8-A1D96343DC94}.Ad-Hoc|iPhoneSimulator.Deploy.0 = Release|Any CPU
		{9BECD3E0-1A9F-4664-A7A8-A1D96343DC94}.AppStore|Any CPU.ActiveCfg = Release|Any CPU
		{9BECD3E0-1A9F-4664-A7A8-A1D96343DC94}.AppStore|Any CPU.Build.0 = Release|Any CPU
		{9BECD3E0-1A9F-4664-A7A8-A1D96343DC94}.AppStore|Any CPU.Deploy.0 = Release|Any CPU
		{9BECD3E0-1A9F-4664-A7A8-A1D96343DC94}.AppStore|iPhone.ActiveCfg = Release|Any CPU
		{9BECD3E0-1A9F-4664-A7A8-A1D96343DC94}.AppStore|iPhone.Build.0 = Release|Any CPU
		{9BECD3E0-1A9F-4664-A7A8-A1D96343DC94}.AppStore|iPhone.Deploy.0 = Release|Any CPU
		{9BECD3E0-1A9F-4664-A7A8-A1D96343DC94}.AppStore|iPhoneSimulator.ActiveCfg = Release|Any CPU
		{9BECD3E0-1A9F-4664-A7A8-A1D96343DC94}.AppStore|iPhoneSimulator.Build.0 = Release|Any CPU
		{9BECD3E0-1A9F-4664-A7A8-A1D96343DC94}.AppStore|iPhoneSimulator.Deploy.0 = Release|Any CPU
		{9BECD3E0-1A9F-4664-A7A8-A1D96343DC94}.Debug|Any CPU.ActiveCfg = Debug|Any CPU
		{9BECD3E0-1A9F-4664-A7A8-A1D96343DC94}.Debug|Any CPU.Build.0 = Debug|Any CPU
		{9BECD3E0-1A9F-4664-A7A8-A1D96343DC94}.Debug|Any CPU.Deploy.0 = Debug|Any CPU
		{9BECD3E0-1A9F-4664-A7A8-A1D96343DC94}.Debug|iPhone.ActiveCfg = Debug|Any CPU
		{9BECD3E0-1A9F-4664-A7A8-A1D96343DC94}.Debug|iPhone.Build.0 = Debug|Any CPU
		{9BECD3E0-1A9F-4664-A7A8-A1D96343DC94}.Debug|iPhone.Deploy.0 = Debug|Any CPU
		{9BECD3E0-1A9F-4664-A7A8-A1D96343DC94}.Debug|iPhoneSimulator.ActiveCfg = Debug|Any CPU
		{9BECD3E0-1A9F-4664-A7A8-A1D96343DC94}.Debug|iPhoneSimulator.Build.0 = Debug|Any CPU
		{9BECD3E0-1A9F-4664-A7A8-A1D96343DC94}.Debug|iPhoneSimulator.Deploy.0 = Debug|Any CPU
		{9BECD3E0-1A9F-4664-A7A8-A1D96343DC94}.Release|Any CPU.ActiveCfg = Release|Any CPU
		{9BECD3E0-1A9F-4664-A7A8-A1D96343DC94}.Release|Any CPU.Build.0 = Release|Any CPU
		{9BECD3E0-1A9F-4664-A7A8-A1D96343DC94}.Release|Any CPU.Deploy.0 = Release|Any CPU
		{9BECD3E0-1A9F-4664-A7A8-A1D96343DC94}.Release|iPhone.ActiveCfg = Release|Any CPU
		{9BECD3E0-1A9F-4664-A7A8-A1D96343DC94}.Release|iPhone.Build.0 = Release|Any CPU
		{9BECD3E0-1A9F-4664-A7A8-A1D96343DC94}.Release|iPhone.Deploy.0 = Release|Any CPU
		{9BECD3E0-1A9F-4664-A7A8-A1D96343DC94}.Release|iPhoneSimulator.ActiveCfg = Release|Any CPU
		{9BECD3E0-1A9F-4664-A7A8-A1D96343DC94}.Release|iPhoneSimulator.Build.0 = Release|Any CPU
		{9BECD3E0-1A9F-4664-A7A8-A1D96343DC94}.Release|iPhoneSimulator.Deploy.0 = Release|Any CPU
		{C0C70961-CC9F-4B05-AF49-D1F4C6452049}.Ad-Hoc|Any CPU.ActiveCfg = Ad-Hoc|iPhone
		{C0C70961-CC9F-4B05-AF49-D1F4C6452049}.Ad-Hoc|Any CPU.Build.0 = Ad-Hoc|iPhone
		{C0C70961-CC9F-4B05-AF49-D1F4C6452049}.Ad-Hoc|Any CPU.Deploy.0 = Ad-Hoc|iPhone
		{C0C70961-CC9F-4B05-AF49-D1F4C6452049}.Ad-Hoc|iPhone.ActiveCfg = Ad-Hoc|iPhone
		{C0C70961-CC9F-4B05-AF49-D1F4C6452049}.Ad-Hoc|iPhone.Build.0 = Ad-Hoc|iPhone
		{C0C70961-CC9F-4B05-AF49-D1F4C6452049}.Ad-Hoc|iPhone.Deploy.0 = Ad-Hoc|iPhone
		{C0C70961-CC9F-4B05-AF49-D1F4C6452049}.Ad-Hoc|iPhoneSimulator.ActiveCfg = Ad-Hoc|iPhoneSimulator
		{C0C70961-CC9F-4B05-AF49-D1F4C6452049}.Ad-Hoc|iPhoneSimulator.Build.0 = Ad-Hoc|iPhoneSimulator
		{C0C70961-CC9F-4B05-AF49-D1F4C6452049}.Ad-Hoc|iPhoneSimulator.Deploy.0 = Ad-Hoc|iPhoneSimulator
		{C0C70961-CC9F-4B05-AF49-D1F4C6452049}.AppStore|Any CPU.ActiveCfg = AppStore|iPhone
		{C0C70961-CC9F-4B05-AF49-D1F4C6452049}.AppStore|Any CPU.Build.0 = AppStore|iPhone
		{C0C70961-CC9F-4B05-AF49-D1F4C6452049}.AppStore|Any CPU.Deploy.0 = AppStore|iPhone
		{C0C70961-CC9F-4B05-AF49-D1F4C6452049}.AppStore|iPhone.ActiveCfg = AppStore|iPhone
		{C0C70961-CC9F-4B05-AF49-D1F4C6452049}.AppStore|iPhone.Build.0 = AppStore|iPhone
		{C0C70961-CC9F-4B05-AF49-D1F4C6452049}.AppStore|iPhone.Deploy.0 = AppStore|iPhone
		{C0C70961-CC9F-4B05-AF49-D1F4C6452049}.AppStore|iPhoneSimulator.ActiveCfg = AppStore|iPhoneSimulator
		{C0C70961-CC9F-4B05-AF49-D1F4C6452049}.AppStore|iPhoneSimulator.Build.0 = AppStore|iPhoneSimulator
		{C0C70961-CC9F-4B05-AF49-D1F4C6452049}.AppStore|iPhoneSimulator.Deploy.0 = AppStore|iPhoneSimulator
		{C0C70961-CC9F-4B05-AF49-D1F4C6452049}.Debug|Any CPU.ActiveCfg = Debug|iPhoneSimulator
		{C0C70961-CC9F-4B05-AF49-D1F4C6452049}.Debug|Any CPU.Build.0 = Debug|iPhoneSimulator
		{C0C70961-CC9F-4B05-AF49-D1F4C6452049}.Debug|Any CPU.Deploy.0 = Debug|iPhoneSimulator
		{C0C70961-CC9F-4B05-AF49-D1F4C6452049}.Debug|iPhone.ActiveCfg = Debug|iPhone
		{C0C70961-CC9F-4B05-AF49-D1F4C6452049}.Debug|iPhone.Build.0 = Debug|iPhone
		{C0C70961-CC9F-4B05-AF49-D1F4C6452049}.Debug|iPhone.Deploy.0 = Debug|iPhone
		{C0C70961-CC9F-4B05-AF49-D1F4C6452049}.Debug|iPhoneSimulator.ActiveCfg = Debug|iPhoneSimulator
		{C0C70961-CC9F-4B05-AF49-D1F4C6452049}.Debug|iPhoneSimulator.Build.0 = Debug|iPhoneSimulator
		{C0C70961-CC9F-4B05-AF49-D1F4C6452049}.Debug|iPhoneSimulator.Deploy.0 = Debug|iPhoneSimulator
		{C0C70961-CC9F-4B05-AF49-D1F4C6452049}.Release|Any CPU.ActiveCfg = Release|iPhone
		{C0C70961-CC9F-4B05-AF49-D1F4C6452049}.Release|Any CPU.Build.0 = Release|iPhone
		{C0C70961-CC9F-4B05-AF49-D1F4C6452049}.Release|Any CPU.Deploy.0 = Release|iPhone
		{C0C70961-CC9F-4B05-AF49-D1F4C6452049}.Release|iPhone.ActiveCfg = Release|iPhone
		{C0C70961-CC9F-4B05-AF49-D1F4C6452049}.Release|iPhone.Build.0 = Release|iPhone
		{C0C70961-CC9F-4B05-AF49-D1F4C6452049}.Release|iPhone.Deploy.0 = Release|iPhone
		{C0C70961-CC9F-4B05-AF49-D1F4C6452049}.Release|iPhoneSimulator.ActiveCfg = Release|iPhoneSimulator
		{C0C70961-CC9F-4B05-AF49-D1F4C6452049}.Release|iPhoneSimulator.Build.0 = Release|iPhoneSimulator
		{C0C70961-CC9F-4B05-AF49-D1F4C6452049}.Release|iPhoneSimulator.Deploy.0 = Release|iPhoneSimulator
		{2CA8607C-1856-4898-BAF2-C4862BCD30D9}.Ad-Hoc|Any CPU.ActiveCfg = Debug|Any CPU
		{2CA8607C-1856-4898-BAF2-C4862BCD30D9}.Ad-Hoc|Any CPU.Build.0 = Debug|Any CPU
		{2CA8607C-1856-4898-BAF2-C4862BCD30D9}.Ad-Hoc|Any CPU.Deploy.0 = Debug|Any CPU
		{2CA8607C-1856-4898-BAF2-C4862BCD30D9}.Ad-Hoc|iPhone.ActiveCfg = Debug|Any CPU
		{2CA8607C-1856-4898-BAF2-C4862BCD30D9}.Ad-Hoc|iPhone.Build.0 = Debug|Any CPU
		{2CA8607C-1856-4898-BAF2-C4862BCD30D9}.Ad-Hoc|iPhone.Deploy.0 = Debug|Any CPU
		{2CA8607C-1856-4898-BAF2-C4862BCD30D9}.Ad-Hoc|iPhoneSimulator.ActiveCfg = Debug|Any CPU
		{2CA8607C-1856-4898-BAF2-C4862BCD30D9}.Ad-Hoc|iPhoneSimulator.Build.0 = Debug|Any CPU
		{2CA8607C-1856-4898-BAF2-C4862BCD30D9}.Ad-Hoc|iPhoneSimulator.Deploy.0 = Debug|Any CPU
		{2CA8607C-1856-4898-BAF2-C4862BCD30D9}.AppStore|Any CPU.ActiveCfg = Debug|Any CPU
		{2CA8607C-1856-4898-BAF2-C4862BCD30D9}.AppStore|Any CPU.Build.0 = Debug|Any CPU
		{2CA8607C-1856-4898-BAF2-C4862BCD30D9}.AppStore|Any CPU.Deploy.0 = Debug|Any CPU
		{2CA8607C-1856-4898-BAF2-C4862BCD30D9}.AppStore|iPhone.ActiveCfg = Debug|Any CPU
		{2CA8607C-1856-4898-BAF2-C4862BCD30D9}.AppStore|iPhone.Build.0 = Debug|Any CPU
		{2CA8607C-1856-4898-BAF2-C4862BCD30D9}.AppStore|iPhone.Deploy.0 = Debug|Any CPU
		{2CA8607C-1856-4898-BAF2-C4862BCD30D9}.AppStore|iPhoneSimulator.ActiveCfg = Debug|Any CPU
		{2CA8607C-1856-4898-BAF2-C4862BCD30D9}.AppStore|iPhoneSimulator.Build.0 = Debug|Any CPU
		{2CA8607C-1856-4898-BAF2-C4862BCD30D9}.AppStore|iPhoneSimulator.Deploy.0 = Debug|Any CPU
		{2CA8607C-1856-4898-BAF2-C4862BCD30D9}.Debug|Any CPU.ActiveCfg = Debug|Any CPU
		{2CA8607C-1856-4898-BAF2-C4862BCD30D9}.Debug|Any CPU.Build.0 = Debug|Any CPU
		{2CA8607C-1856-4898-BAF2-C4862BCD30D9}.Debug|Any CPU.Deploy.0 = Debug|Any CPU
		{2CA8607C-1856-4898-BAF2-C4862BCD30D9}.Debug|iPhone.ActiveCfg = Debug|Any CPU
		{2CA8607C-1856-4898-BAF2-C4862BCD30D9}.Debug|iPhone.Build.0 = Debug|Any CPU
		{2CA8607C-1856-4898-BAF2-C4862BCD30D9}.Debug|iPhone.Deploy.0 = Debug|Any CPU
		{2CA8607C-1856-4898-BAF2-C4862BCD30D9}.Debug|iPhoneSimulator.ActiveCfg = Debug|Any CPU
		{2CA8607C-1856-4898-BAF2-C4862BCD30D9}.Debug|iPhoneSimulator.Build.0 = Debug|Any CPU
		{2CA8607C-1856-4898-BAF2-C4862BCD30D9}.Debug|iPhoneSimulator.Deploy.0 = Debug|Any CPU
		{2CA8607C-1856-4898-BAF2-C4862BCD30D9}.Release|Any CPU.ActiveCfg = Release|Any CPU
		{2CA8607C-1856-4898-BAF2-C4862BCD30D9}.Release|Any CPU.Build.0 = Release|Any CPU
		{2CA8607C-1856-4898-BAF2-C4862BCD30D9}.Release|Any CPU.Deploy.0 = Release|Any CPU
		{2CA8607C-1856-4898-BAF2-C4862BCD30D9}.Release|iPhone.ActiveCfg = Release|Any CPU
		{2CA8607C-1856-4898-BAF2-C4862BCD30D9}.Release|iPhone.Build.0 = Release|Any CPU
		{2CA8607C-1856-4898-BAF2-C4862BCD30D9}.Release|iPhone.Deploy.0 = Release|Any CPU
		{2CA8607C-1856-4898-BAF2-C4862BCD30D9}.Release|iPhoneSimulator.ActiveCfg = Release|Any CPU
		{2CA8607C-1856-4898-BAF2-C4862BCD30D9}.Release|iPhoneSimulator.Build.0 = Release|Any CPU
		{2CA8607C-1856-4898-BAF2-C4862BCD30D9}.Release|iPhoneSimulator.Deploy.0 = Release|Any CPU
	EndGlobalSection
	GlobalSection(SolutionProperties) = preSolution
		HideSolutionNode = FALSE
	EndGlobalSection
	GlobalSection(ExtensibilityGlobals) = postSolution
		SolutionGuid = {299D5FA5-318B-4BF9-AEAC-8645BB10D300}
	EndGlobalSection
EndGlobal
