
Microsoft Visual Studio Solution File, Format Version 12.00
# Visual Studio 15
VisualStudioVersion = 15.0.27703.2035
MinimumVisualStudioVersion = 10.0.40219.1
Project("{FAE04EC0-301F-11D3-BF4B-00C04F79EFBC}") = "XF.Recursos.Android", "XF.Recursos\XF.Recursos.Android\XF.Recursos.Android.csproj", "{F4A7790D-8ECC-4981-BDBB-DB71FA3FA59D}"
EndProject
Project("{FAE04EC0-301F-11D3-BF4B-00C04F79EFBC}") = "XF.Recursos.iOS", "XF.Recursos\XF.Recursos.iOS\XF.Recursos.iOS.csproj", "{DC4C1522-858B-42D7-894B-E23C4FE3E866}"
EndProject
Project("{FAE04EC0-301F-11D3-BF4B-00C04F79EFBC}") = "XF.Recursos", "XF.Recursos\XF.Recursos\XF.Recursos.csproj", "{CFC8DCEA-949C-4D38-84A8-EBD3A6905D02}"
EndProject
Global
	GlobalSection(SolutionConfigurationPlatforms) = preSolution
		Ad-Hoc|Any CPU = Ad-Hoc|Any CPU
		Ad-Hoc|iPhone = Ad-Hoc|iPhone
		Ad-Hoc|iPhoneSimulator = Ad-Hoc|iPhoneSimulator
		AppStore|Any CPU = AppStore|Any CPU
		AppStore|iPhone = AppStore|iPhone
		AppStore|iPhoneSimulator = AppStore|iPhoneSimulator
		Debug|Any CPU = Debug|Any CPU
		Debug|iPhone = Debug|iPhone
		Debug|iPhoneSimulator = Debug|iPhoneSimulator
		Release|Any CPU = Release|Any CPU
		Release|iPhone = Release|iPhone
		Release|iPhoneSimulator = Release|iPhoneSimulator
	EndGlobalSection
	GlobalSection(ProjectConfigurationPlatforms) = postSolution
		{F4A7790D-8ECC-4981-BDBB-DB71FA3FA59D}.Ad-Hoc|Any CPU.ActiveCfg = Release|Any CPU
		{F4A7790D-8ECC-4981-BDBB-DB71FA3FA59D}.Ad-Hoc|Any CPU.Build.0 = Release|Any CPU
		{F4A7790D-8ECC-4981-BDBB-DB71FA3FA59D}.Ad-Hoc|Any CPU.Deploy.0 = Release|Any CPU
		{F4A7790D-8ECC-4981-BDBB-DB71FA3FA59D}.Ad-Hoc|iPhone.ActiveCfg = Release|Any CPU
		{F4A7790D-8ECC-4981-BDBB-DB71FA3FA59D}.Ad-Hoc|iPhone.Build.0 = Release|Any CPU
		{F4A7790D-8ECC-4981-BDBB-DB71FA3FA59D}.Ad-Hoc|iPhone.Deploy.0 = Release|Any CPU
		{F4A7790D-8ECC-4981-BDBB-DB71FA3FA59D}.Ad-Hoc|iPhoneSimulator.ActiveCfg = Release|Any CPU
		{F4A7790D-8ECC-4981-BDBB-DB71FA3FA59D}.Ad-Hoc|iPhoneSimulator.Build.0 = Release|Any CPU
		{F4A7790D-8ECC-4981-BDBB-DB71FA3FA59D}.Ad-Hoc|iPhoneSimulator.Deploy.0 = Release|Any CPU
		{F4A7790D-8ECC-4981-BDBB-DB71FA3FA59D}.AppStore|Any CPU.ActiveCfg = Release|Any CPU
		{F4A7790D-8ECC-4981-BDBB-DB71FA3FA59D}.AppStore|Any CPU.Build.0 = Release|Any CPU
		{F4A7790D-8ECC-4981-BDBB-DB71FA3FA59D}.AppStore|Any CPU.Deploy.0 = Release|Any CPU
		{F4A7790D-8ECC-4981-BDBB-DB71FA3FA59D}.AppStore|iPhone.ActiveCfg = Release|Any CPU
		{F4A7790D-8ECC-4981-BDBB-DB71FA3FA59D}.AppStore|iPhone.Build.0 = Release|Any CPU
		{F4A7790D-8ECC-4981-BDBB-DB71FA3FA59D}.AppStore|iPhone.Deploy.0 = Release|Any CPU
		{F4A7790D-8ECC-4981-BDBB-DB71FA3FA59D}.AppStore|iPhoneSimulator.ActiveCfg = Release|Any CPU
		{F4A7790D-8ECC-4981-BDBB-DB71FA3FA59D}.AppStore|iPhoneSimulator.Build.0 = Release|Any CPU
		{F4A7790D-8ECC-4981-BDBB-DB71FA3FA59D}.AppStore|iPhoneSimulator.Deploy.0 = Release|Any CPU
		{F4A7790D-8ECC-4981-BDBB-DB71FA3FA59D}.Debug|Any CPU.ActiveCfg = Debug|Any CPU
		{F4A7790D-8ECC-4981-BDBB-DB71FA3FA59D}.Debug|Any CPU.Build.0 = Debug|Any CPU
		{F4A7790D-8ECC-4981-BDBB-DB71FA3FA59D}.Debug|Any CPU.Deploy.0 = Debug|Any CPU
		{F4A7790D-8ECC-4981-BDBB-DB71FA3FA59D}.Debug|iPhone.ActiveCfg = Debug|Any CPU
		{F4A7790D-8ECC-4981-BDBB-DB71FA3FA59D}.Debug|iPhone.Build.0 = Debug|Any CPU
		{F4A7790D-8ECC-4981-BDBB-DB71FA3FA59D}.Debug|iPhone.Deploy.0 = Debug|Any CPU
		{F4A7790D-8ECC-4981-BDBB-DB71FA3FA59D}.Debug|iPhoneSimulator.ActiveCfg = Debug|Any CPU
		{F4A7790D-8ECC-4981-BDBB-DB71FA3FA59D}.Debug|iPhoneSimulator.Build.0 = Debug|Any CPU
		{F4A7790D-8ECC-4981-BDBB-DB71FA3FA59D}.Debug|iPhoneSimulator.Deploy.0 = Debug|Any CPU
		{F4A7790D-8ECC-4981-BDBB-DB71FA3FA59D}.Release|Any CPU.ActiveCfg = Release|Any CPU
		{F4A7790D-8ECC-4981-BDBB-DB71FA3FA59D}.Release|Any CPU.Build.0 = Release|Any CPU
		{F4A7790D-8ECC-4981-BDBB-DB71FA3FA59D}.Release|Any CPU.Deploy.0 = Release|Any CPU
		{F4A7790D-8ECC-4981-BDBB-DB71FA3FA59D}.Release|iPhone.ActiveCfg = Release|Any CPU
		{F4A7790D-8ECC-4981-BDBB-DB71FA3FA59D}.Release|iPhone.Build.0 = Release|Any CPU
		{F4A7790D-8ECC-4981-BDBB-DB71FA3FA59D}.Release|iPhone.Deploy.0 = Release|Any CPU
		{F4A7790D-8ECC-4981-BDBB-DB71FA3FA59D}.Release|iPhoneSimulator.ActiveCfg = Release|Any CPU
		{F4A7790D-8ECC-4981-BDBB-DB71FA3FA59D}.Release|iPhoneSimulator.Build.0 = Release|Any CPU
		{F4A7790D-8ECC-4981-BDBB-DB71FA3FA59D}.Release|iPhoneSimulator.Deploy.0 = Release|Any CPU
		{DC4C1522-858B-42D7-894B-E23C4FE3E866}.Ad-Hoc|Any CPU.ActiveCfg = Ad-Hoc|iPhone
		{DC4C1522-858B-42D7-894B-E23C4FE3E866}.Ad-Hoc|Any CPU.Build.0 = Ad-Hoc|iPhone
		{DC4C1522-858B-42D7-894B-E23C4FE3E866}.Ad-Hoc|Any CPU.Deploy.0 = Ad-Hoc|iPhone
		{DC4C1522-858B-42D7-894B-E23C4FE3E866}.Ad-Hoc|iPhone.ActiveCfg = Ad-Hoc|iPhone
		{DC4C1522-858B-42D7-894B-E23C4FE3E866}.Ad-Hoc|iPhone.Build.0 = Ad-Hoc|iPhone
		{DC4C1522-858B-42D7-894B-E23C4FE3E866}.Ad-Hoc|iPhone.Deploy.0 = Ad-Hoc|iPhone
		{DC4C1522-858B-42D7-894B-E23C4FE3E866}.Ad-Hoc|iPhoneSimulator.ActiveCfg = Ad-Hoc|iPhoneSimulator
		{DC4C1522-858B-42D7-894B-E23C4FE3E866}.Ad-Hoc|iPhoneSimulator.Build.0 = Ad-Hoc|iPhoneSimulator
		{DC4C1522-858B-42D7-894B-E23C4FE3E866}.Ad-Hoc|iPhoneSimulator.Deploy.0 = Ad-Hoc|iPhoneSimulator
		{DC4C1522-858B-42D7-894B-E23C4FE3E866}.AppStore|Any CPU.ActiveCfg = AppStore|iPhone
		{DC4C1522-858B-42D7-894B-E23C4FE3E866}.AppStore|Any CPU.Build.0 = AppStore|iPhone
		{DC4C1522-858B-42D7-894B-E23C4FE3E866}.AppStore|Any CPU.Deploy.0 = AppStore|iPhone
		{DC4C1522-858B-42D7-894B-E23C4FE3E866}.AppStore|iPhone.ActiveCfg = AppStore|iPhone
		{DC4C1522-858B-42D7-894B-E23C4FE3E866}.AppStore|iPhone.Build.0 = AppStore|iPhone
		{DC4C1522-858B-42D7-894B-E23C4FE3E866}.AppStore|iPhone.Deploy.0 = AppStore|iPhone
		{DC4C1522-858B-42D7-894B-E23C4FE3E866}.AppStore|iPhoneSimulator.ActiveCfg = AppStore|iPhoneSimulator
		{DC4C1522-858B-42D7-894B-E23C4FE3E866}.AppStore|iPhoneSimulator.Build.0 = AppStore|iPhoneSimulator
		{DC4C1522-858B-42D7-894B-E23C4FE3E866}.AppStore|iPhoneSimulator.Deploy.0 = AppStore|iPhoneSimulator
		{DC4C1522-858B-42D7-894B-E23C4FE3E866}.Debug|Any CPU.ActiveCfg = Debug|iPhoneSimulator
		{DC4C1522-858B-42D7-894B-E23C4FE3E866}.Debug|Any CPU.Build.0 = Debug|iPhoneSimulator
		{DC4C1522-858B-42D7-894B-E23C4FE3E866}.Debug|Any CPU.Deploy.0 = Debug|iPhoneSimulator
		{DC4C1522-858B-42D7-894B-E23C4FE3E866}.Debug|iPhone.ActiveCfg = Debug|iPhone
		{DC4C1522-858B-42D7-894B-E23C4FE3E866}.Debug|iPhone.Build.0 = Debug|iPhone
		{DC4C1522-858B-42D7-894B-E23C4FE3E866}.Debug|iPhone.Deploy.0 = Debug|iPhone
		{DC4C1522-858B-42D7-894B-E23C4FE3E866}.Debug|iPhoneSimulator.ActiveCfg = Debug|iPhoneSimulator
		{DC4C1522-858B-42D7-894B-E23C4FE3E866}.Debug|iPhoneSimulator.Build.0 = Debug|iPhoneSimulator
		{DC4C1522-858B-42D7-894B-E23C4FE3E866}.Debug|iPhoneSimulator.Deploy.0 = Debug|iPhoneSimulator
		{DC4C1522-858B-42D7-894B-E23C4FE3E866}.Release|Any CPU.ActiveCfg = Release|iPhone
		{DC4C1522-858B-42D7-894B-E23C4FE3E866}.Release|Any CPU.Build.0 = Release|iPhone
		{DC4C1522-858B-42D7-894B-E23C4FE3E866}.Release|Any CPU.Deploy.0 = Release|iPhone
		{DC4C1522-858B-42D7-894B-E23C4FE3E866}.Release|iPhone.ActiveCfg = Release|iPhone
		{DC4C1522-858B-42D7-894B-E23C4FE3E866}.Release|iPhone.Build.0 = Release|iPhone
		{DC4C1522-858B-42D7-894B-E23C4FE3E866}.Release|iPhone.Deploy.0 = Release|iPhone
		{DC4C1522-858B-42D7-894B-E23C4FE3E866}.Release|iPhoneSimulator.ActiveCfg = Release|iPhoneSimulator
		{DC4C1522-858B-42D7-894B-E23C4FE3E866}.Release|iPhoneSimulator.Build.0 = Release|iPhoneSimulator
		{DC4C1522-858B-42D7-894B-E23C4FE3E866}.Release|iPhoneSimulator.Deploy.0 = Release|iPhoneSimulator
		{CFC8DCEA-949C-4D38-84A8-EBD3A6905D02}.Ad-Hoc|Any CPU.ActiveCfg = Debug|Any CPU
		{CFC8DCEA-949C-4D38-84A8-EBD3A6905D02}.Ad-Hoc|Any CPU.Build.0 = Debug|Any CPU
		{CFC8DCEA-949C-4D38-84A8-EBD3A6905D02}.Ad-Hoc|Any CPU.Deploy.0 = Debug|Any CPU
		{CFC8DCEA-949C-4D38-84A8-EBD3A6905D02}.Ad-Hoc|iPhone.ActiveCfg = Debug|Any CPU
		{CFC8DCEA-949C-4D38-84A8-EBD3A6905D02}.Ad-Hoc|iPhone.Build.0 = Debug|Any CPU
		{CFC8DCEA-949C-4D38-84A8-EBD3A6905D02}.Ad-Hoc|iPhone.Deploy.0 = Debug|Any CPU
		{CFC8DCEA-949C-4D38-84A8-EBD3A6905D02}.Ad-Hoc|iPhoneSimulator.ActiveCfg = Debug|Any CPU
		{CFC8DCEA-949C-4D38-84A8-EBD3A6905D02}.Ad-Hoc|iPhoneSimulator.Build.0 = Debug|Any CPU
		{CFC8DCEA-949C-4D38-84A8-EBD3A6905D02}.Ad-Hoc|iPhoneSimulator.Deploy.0 = Debug|Any CPU
		{CFC8DCEA-949C-4D38-84A8-EBD3A6905D02}.AppStore|Any CPU.ActiveCfg = Debug|Any CPU
		{CFC8DCEA-949C-4D38-84A8-EBD3A6905D02}.AppStore|Any CPU.Build.0 = Debug|Any CPU
		{CFC8DCEA-949C-4D38-84A8-EBD3A6905D02}.AppStore|Any CPU.Deploy.0 = Debug|Any CPU
		{CFC8DCEA-949C-4D38-84A8-EBD3A6905D02}.AppStore|iPhone.ActiveCfg = Debug|Any CPU
		{CFC8DCEA-949C-4D38-84A8-EBD3A6905D02}.AppStore|iPhone.Build.0 = Debug|Any CPU
		{CFC8DCEA-949C-4D38-84A8-EBD3A6905D02}.AppStore|iPhone.Deploy.0 = Debug|Any CPU
		{CFC8DCEA-949C-4D38-84A8-EBD3A6905D02}.AppStore|iPhoneSimulator.ActiveCfg = Debug|Any CPU
		{CFC8DCEA-949C-4D38-84A8-EBD3A6905D02}.AppStore|iPhoneSimulator.Build.0 = Debug|Any CPU
		{CFC8DCEA-949C-4D38-84A8-EBD3A6905D02}.AppStore|iPhoneSimulator.Deploy.0 = Debug|Any CPU
		{CFC8DCEA-949C-4D38-84A8-EBD3A6905D02}.Debug|Any CPU.ActiveCfg = Debug|Any CPU
		{CFC8DCEA-949C-4D38-84A8-EBD3A6905D02}.Debug|Any CPU.Build.0 = Debug|Any CPU
		{CFC8DCEA-949C-4D38-84A8-EBD3A6905D02}.Debug|Any CPU.Deploy.0 = Debug|Any CPU
		{CFC8DCEA-949C-4D38-84A8-EBD3A6905D02}.Debug|iPhone.ActiveCfg = Debug|Any CPU
		{CFC8DCEA-949C-4D38-84A8-EBD3A6905D02}.Debug|iPhone.Build.0 = Debug|Any CPU
		{CFC8DCEA-949C-4D38-84A8-EBD3A6905D02}.Debug|iPhone.Deploy.0 = Debug|Any CPU
		{CFC8DCEA-949C-4D38-84A8-EBD3A6905D02}.Debug|iPhoneSimulator.ActiveCfg = Debug|Any CPU
		{CFC8DCEA-949C-4D38-84A8-EBD3A6905D02}.Debug|iPhoneSimulator.Build.0 = Debug|Any CPU
		{CFC8DCEA-949C-4D38-84A8-EBD3A6905D02}.Debug|iPhoneSimulator.Deploy.0 = Debug|Any CPU
		{CFC8DCEA-949C-4D38-84A8-EBD3A6905D02}.Release|Any CPU.ActiveCfg = Release|Any CPU
		{CFC8DCEA-949C-4D38-84A8-EBD3A6905D02}.Release|Any CPU.Build.0 = Release|Any CPU
		{CFC8DCEA-949C-4D38-84A8-EBD3A6905D02}.Release|Any CPU.Deploy.0 = Release|Any CPU
		{CFC8DCEA-949C-4D38-84A8-EBD3A6905D02}.Release|iPhone.ActiveCfg = Release|Any CPU
		{CFC8DCEA-949C-4D38-84A8-EBD3A6905D02}.Release|iPhone.Build.0 = Release|Any CPU
		{CFC8DCEA-949C-4D38-84A8-EBD3A6905D02}.Release|iPhone.Deploy.0 = Release|Any CPU
		{CFC8DCEA-949C-4D38-84A8-EBD3A6905D02}.Release|iPhoneSimulator.ActiveCfg = Release|Any CPU
		{CFC8DCEA-949C-4D38-84A8-EBD3A6905D02}.Release|iPhoneSimulator.Build.0 = Release|Any CPU
		{CFC8DCEA-949C-4D38-84A8-EBD3A6905D02}.Release|iPhoneSimulator.Deploy.0 = Release|Any CPU
	EndGlobalSection
	GlobalSection(SolutionProperties) = preSolution
		HideSolutionNode = FALSE
	EndGlobalSection
	GlobalSection(ExtensibilityGlobals) = postSolution
		SolutionGuid = {6B47BBCA-9ECD-485B-AB0D-FCDCB61E4CA8}
	EndGlobalSection
EndGlobal
