
Microsoft Visual Studio Solution File, Format Version 12.00
# Visual Studio 15
VisualStudioVersion = 15.0.27703.2035
MinimumVisualStudioVersion = 10.0.40219.1
Project("{FAE04EC0-301F-11D3-BF4B-00C04F79EFBC}") = "XF.ExemploDS.Android", "XF.ExemploDS\XF.ExemploDS.Android\XF.ExemploDS.Android.csproj", "{A59A4975-FF27-4FB7-A5C0-4663716BF8CE}"
EndProject
Project("{FAE04EC0-301F-11D3-BF4B-00C04F79EFBC}") = "XF.ExemploDS.iOS", "XF.ExemploDS\XF.ExemploDS.iOS\XF.ExemploDS.iOS.csproj", "{76309364-7DD8-4B80-8A9F-ABE33AB21B52}"
EndProject
Project("{FAE04EC0-301F-11D3-BF4B-00C04F79EFBC}") = "XF.ExemploDS", "XF.ExemploDS\XF.ExemploDS\XF.ExemploDS.csproj", "{E180BB9B-56AB-49A5-9326-482681835EEE}"
EndProject
Global
	GlobalSection(SolutionConfigurationPlatforms) = preSolution
		Ad-Hoc|Any CPU = Ad-Hoc|Any CPU
		Ad-Hoc|iPhone = Ad-Hoc|iPhone
		Ad-Hoc|iPhoneSimulator = Ad-Hoc|iPhoneSimulator
		AppStore|Any CPU = AppStore|Any CPU
		AppStore|iPhone = AppStore|iPhone
		AppStore|iPhoneSimulator = AppStore|iPhoneSimulator
		Debug|Any CPU = Debug|Any CPU
		Debug|iPhone = Debug|iPhone
		Debug|iPhoneSimulator = Debug|iPhoneSimulator
		Release|Any CPU = Release|Any CPU
		Release|iPhone = Release|iPhone
		Release|iPhoneSimulator = Release|iPhoneSimulator
	EndGlobalSection
	GlobalSection(ProjectConfigurationPlatforms) = postSolution
		{A59A4975-FF27-4FB7-A5C0-4663716BF8CE}.Ad-Hoc|Any CPU.ActiveCfg = Release|Any CPU
		{A59A4975-FF27-4FB7-A5C0-4663716BF8CE}.Ad-Hoc|Any CPU.Build.0 = Release|Any CPU
		{A59A4975-FF27-4FB7-A5C0-4663716BF8CE}.Ad-Hoc|Any CPU.Deploy.0 = Release|Any CPU
		{A59A4975-FF27-4FB7-A5C0-4663716BF8CE}.Ad-Hoc|iPhone.ActiveCfg = Release|Any CPU
		{A59A4975-FF27-4FB7-A5C0-4663716BF8CE}.Ad-Hoc|iPhone.Build.0 = Release|Any CPU
		{A59A4975-FF27-4FB7-A5C0-4663716BF8CE}.Ad-Hoc|iPhone.Deploy.0 = Release|Any CPU
		{A59A4975-FF27-4FB7-A5C0-4663716BF8CE}.Ad-Hoc|iPhoneSimulator.ActiveCfg = Release|Any CPU
		{A59A4975-FF27-4FB7-A5C0-4663716BF8CE}.Ad-Hoc|iPhoneSimulator.Build.0 = Release|Any CPU
		{A59A4975-FF27-4FB7-A5C0-4663716BF8CE}.Ad-Hoc|iPhoneSimulator.Deploy.0 = Release|Any CPU
		{A59A4975-FF27-4FB7-A5C0-4663716BF8CE}.AppStore|Any CPU.ActiveCfg = Release|Any CPU
		{A59A4975-FF27-4FB7-A5C0-4663716BF8CE}.AppStore|Any CPU.Build.0 = Release|Any CPU
		{A59A4975-FF27-4FB7-A5C0-4663716BF8CE}.AppStore|Any CPU.Deploy.0 = Release|Any CPU
		{A59A4975-FF27-4FB7-A5C0-4663716BF8CE}.AppStore|iPhone.ActiveCfg = Release|Any CPU
		{A59A4975-FF27-4FB7-A5C0-4663716BF8CE}.AppStore|iPhone.Build.0 = Release|Any CPU
		{A59A4975-FF27-4FB7-A5C0-4663716BF8CE}.AppStore|iPhone.Deploy.0 = Release|Any CPU
		{A59A4975-FF27-4FB7-A5C0-4663716BF8CE}.AppStore|iPhoneSimulator.ActiveCfg = Release|Any CPU
		{A59A4975-FF27-4FB7-A5C0-4663716BF8CE}.AppStore|iPhoneSimulator.Build.0 = Release|Any CPU
		{A59A4975-FF27-4FB7-A5C0-4663716BF8CE}.AppStore|iPhoneSimulator.Deploy.0 = Release|Any CPU
		{A59A4975-FF27-4FB7-A5C0-4663716BF8CE}.Debug|Any CPU.ActiveCfg = Debug|Any CPU
		{A59A4975-FF27-4FB7-A5C0-4663716BF8CE}.Debug|Any CPU.Build.0 = Debug|Any CPU
		{A59A4975-FF27-4FB7-A5C0-4663716BF8CE}.Debug|Any CPU.Deploy.0 = Debug|Any CPU
		{A59A4975-FF27-4FB7-A5C0-4663716BF8CE}.Debug|iPhone.ActiveCfg = Debug|Any CPU
		{A59A4975-FF27-4FB7-A5C0-4663716BF8CE}.Debug|iPhone.Build.0 = Debug|Any CPU
		{A59A4975-FF27-4FB7-A5C0-4663716BF8CE}.Debug|iPhone.Deploy.0 = Debug|Any CPU
		{A59A4975-FF27-4FB7-A5C0-4663716BF8CE}.Debug|iPhoneSimulator.ActiveCfg = Debug|Any CPU
		{A59A4975-FF27-4FB7-A5C0-4663716BF8CE}.Debug|iPhoneSimulator.Build.0 = Debug|Any CPU
		{A59A4975-FF27-4FB7-A5C0-4663716BF8CE}.Debug|iPhoneSimulator.Deploy.0 = Debug|Any CPU
		{A59A4975-FF27-4FB7-A5C0-4663716BF8CE}.Release|Any CPU.ActiveCfg = Release|Any CPU
		{A59A4975-FF27-4FB7-A5C0-4663716BF8CE}.Release|Any CPU.Build.0 = Release|Any CPU
		{A59A4975-FF27-4FB7-A5C0-4663716BF8CE}.Release|Any CPU.Deploy.0 = Release|Any CPU
		{A59A4975-FF27-4FB7-A5C0-4663716BF8CE}.Release|iPhone.ActiveCfg = Release|Any CPU
		{A59A4975-FF27-4FB7-A5C0-4663716BF8CE}.Release|iPhone.Build.0 = Release|Any CPU
		{A59A4975-FF27-4FB7-A5C0-4663716BF8CE}.Release|iPhone.Deploy.0 = Release|Any CPU
		{A59A4975-FF27-4FB7-A5C0-4663716BF8CE}.Release|iPhoneSimulator.ActiveCfg = Release|Any CPU
		{A59A4975-FF27-4FB7-A5C0-4663716BF8CE}.Release|iPhoneSimulator.Build.0 = Release|Any CPU
		{A59A4975-FF27-4FB7-A5C0-4663716BF8CE}.Release|iPhoneSimulator.Deploy.0 = Release|Any CPU
		{76309364-7DD8-4B80-8A9F-ABE33AB21B52}.Ad-Hoc|Any CPU.ActiveCfg = Ad-Hoc|iPhone
		{76309364-7DD8-4B80-8A9F-ABE33AB21B52}.Ad-Hoc|Any CPU.Build.0 = Ad-Hoc|iPhone
		{76309364-7DD8-4B80-8A9F-ABE33AB21B52}.Ad-Hoc|Any CPU.Deploy.0 = Ad-Hoc|iPhone
		{76309364-7DD8-4B80-8A9F-ABE33AB21B52}.Ad-Hoc|iPhone.ActiveCfg = Ad-Hoc|iPhone
		{76309364-7DD8-4B80-8A9F-ABE33AB21B52}.Ad-Hoc|iPhone.Build.0 = Ad-Hoc|iPhone
		{76309364-7DD8-4B80-8A9F-ABE33AB21B52}.Ad-Hoc|iPhone.Deploy.0 = Ad-Hoc|iPhone
		{76309364-7DD8-4B80-8A9F-ABE33AB21B52}.Ad-Hoc|iPhoneSimulator.ActiveCfg = Ad-Hoc|iPhoneSimulator
		{76309364-7DD8-4B80-8A9F-ABE33AB21B52}.Ad-Hoc|iPhoneSimulator.Build.0 = Ad-Hoc|iPhoneSimulator
		{76309364-7DD8-4B80-8A9F-ABE33AB21B52}.Ad-Hoc|iPhoneSimulator.Deploy.0 = Ad-Hoc|iPhoneSimulator
		{76309364-7DD8-4B80-8A9F-ABE33AB21B52}.AppStore|Any CPU.ActiveCfg = AppStore|iPhone
		{76309364-7DD8-4B80-8A9F-ABE33AB21B52}.AppStore|Any CPU.Build.0 = AppStore|iPhone
		{76309364-7DD8-4B80-8A9F-ABE33AB21B52}.AppStore|Any CPU.Deploy.0 = AppStore|iPhone
		{76309364-7DD8-4B80-8A9F-ABE33AB21B52}.AppStore|iPhone.ActiveCfg = AppStore|iPhone
		{76309364-7DD8-4B80-8A9F-ABE33AB21B52}.AppStore|iPhone.Build.0 = AppStore|iPhone
		{76309364-7DD8-4B80-8A9F-ABE33AB21B52}.AppStore|iPhone.Deploy.0 = AppStore|iPhone
		{76309364-7DD8-4B80-8A9F-ABE33AB21B52}.AppStore|iPhoneSimulator.ActiveCfg = AppStore|iPhoneSimulator
		{76309364-7DD8-4B80-8A9F-ABE33AB21B52}.AppStore|iPhoneSimulator.Build.0 = AppStore|iPhoneSimulator
		{76309364-7DD8-4B80-8A9F-ABE33AB21B52}.AppStore|iPhoneSimulator.Deploy.0 = AppStore|iPhoneSimulator
		{76309364-7DD8-4B80-8A9F-ABE33AB21B52}.Debug|Any CPU.ActiveCfg = Debug|iPhoneSimulator
		{76309364-7DD8-4B80-8A9F-ABE33AB21B52}.Debug|Any CPU.Build.0 = Debug|iPhoneSimulator
		{76309364-7DD8-4B80-8A9F-ABE33AB21B52}.Debug|Any CPU.Deploy.0 = Debug|iPhoneSimulator
		{76309364-7DD8-4B80-8A9F-ABE33AB21B52}.Debug|iPhone.ActiveCfg = Debug|iPhone
		{76309364-7DD8-4B80-8A9F-ABE33AB21B52}.Debug|iPhone.Build.0 = Debug|iPhone
		{76309364-7DD8-4B80-8A9F-ABE33AB21B52}.Debug|iPhone.Deploy.0 = Debug|iPhone
		{76309364-7DD8-4B80-8A9F-ABE33AB21B52}.Debug|iPhoneSimulator.ActiveCfg = Debug|iPhoneSimulator
		{76309364-7DD8-4B80-8A9F-ABE33AB21B52}.Debug|iPhoneSimulator.Build.0 = Debug|iPhoneSimulator
		{76309364-7DD8-4B80-8A9F-ABE33AB21B52}.Debug|iPhoneSimulator.Deploy.0 = Debug|iPhoneSimulator
		{76309364-7DD8-4B80-8A9F-ABE33AB21B52}.Release|Any CPU.ActiveCfg = Release|iPhone
		{76309364-7DD8-4B80-8A9F-ABE33AB21B52}.Release|Any CPU.Build.0 = Release|iPhone
		{76309364-7DD8-4B80-8A9F-ABE33AB21B52}.Release|Any CPU.Deploy.0 = Release|iPhone
		{76309364-7DD8-4B80-8A9F-ABE33AB21B52}.Release|iPhone.ActiveCfg = Release|iPhone
		{76309364-7DD8-4B80-8A9F-ABE33AB21B52}.Release|iPhone.Build.0 = Release|iPhone
		{76309364-7DD8-4B80-8A9F-ABE33AB21B52}.Release|iPhone.Deploy.0 = Release|iPhone
		{76309364-7DD8-4B80-8A9F-ABE33AB21B52}.Release|iPhoneSimulator.ActiveCfg = Release|iPhoneSimulator
		{76309364-7DD8-4B80-8A9F-ABE33AB21B52}.Release|iPhoneSimulator.Build.0 = Release|iPhoneSimulator
		{76309364-7DD8-4B80-8A9F-ABE33AB21B52}.Release|iPhoneSimulator.Deploy.0 = Release|iPhoneSimulator
		{E180BB9B-56AB-49A5-9326-482681835EEE}.Ad-Hoc|Any CPU.ActiveCfg = Debug|Any CPU
		{E180BB9B-56AB-49A5-9326-482681835EEE}.Ad-Hoc|Any CPU.Build.0 = Debug|Any CPU
		{E180BB9B-56AB-49A5-9326-482681835EEE}.Ad-Hoc|Any CPU.Deploy.0 = Debug|Any CPU
		{E180BB9B-56AB-49A5-9326-482681835EEE}.Ad-Hoc|iPhone.ActiveCfg = Debug|Any CPU
		{E180BB9B-56AB-49A5-9326-482681835EEE}.Ad-Hoc|iPhone.Build.0 = Debug|Any CPU
		{E180BB9B-56AB-49A5-9326-482681835EEE}.Ad-Hoc|iPhone.Deploy.0 = Debug|Any CPU
		{E180BB9B-56AB-49A5-9326-482681835EEE}.Ad-Hoc|iPhoneSimulator.ActiveCfg = Debug|Any CPU
		{E180BB9B-56AB-49A5-9326-482681835EEE}.Ad-Hoc|iPhoneSimulator.Build.0 = Debug|Any CPU
		{E180BB9B-56AB-49A5-9326-482681835EEE}.Ad-Hoc|iPhoneSimulator.Deploy.0 = Debug|Any CPU
		{E180BB9B-56AB-49A5-9326-482681835EEE}.AppStore|Any CPU.ActiveCfg = Debug|Any CPU
		{E180BB9B-56AB-49A5-9326-482681835EEE}.AppStore|Any CPU.Build.0 = Debug|Any CPU
		{E180BB9B-56AB-49A5-9326-482681835EEE}.AppStore|Any CPU.Deploy.0 = Debug|Any CPU
		{E180BB9B-56AB-49A5-9326-482681835EEE}.AppStore|iPhone.ActiveCfg = Debug|Any CPU
		{E180BB9B-56AB-49A5-9326-482681835EEE}.AppStore|iPhone.Build.0 = Debug|Any CPU
		{E180BB9B-56AB-49A5-9326-482681835EEE}.AppStore|iPhone.Deploy.0 = Debug|Any CPU
		{E180BB9B-56AB-49A5-9326-482681835EEE}.AppStore|iPhoneSimulator.ActiveCfg = Debug|Any CPU
		{E180BB9B-56AB-49A5-9326-482681835EEE}.AppStore|iPhoneSimulator.Build.0 = Debug|Any CPU
		{E180BB9B-56AB-49A5-9326-482681835EEE}.AppStore|iPhoneSimulator.Deploy.0 = Debug|Any CPU
		{E180BB9B-56AB-49A5-9326-482681835EEE}.Debug|Any CPU.ActiveCfg = Debug|Any CPU
		{E180BB9B-56AB-49A5-9326-482681835EEE}.Debug|Any CPU.Build.0 = Debug|Any CPU
		{E180BB9B-56AB-49A5-9326-482681835EEE}.Debug|Any CPU.Deploy.0 = Debug|Any CPU
		{E180BB9B-56AB-49A5-9326-482681835EEE}.Debug|iPhone.ActiveCfg = Debug|Any CPU
		{E180BB9B-56AB-49A5-9326-482681835EEE}.Debug|iPhone.Build.0 = Debug|Any CPU
		{E180BB9B-56AB-49A5-9326-482681835EEE}.Debug|iPhone.Deploy.0 = Debug|Any CPU
		{E180BB9B-56AB-49A5-9326-482681835EEE}.Debug|iPhoneSimulator.ActiveCfg = Debug|Any CPU
		{E180BB9B-56AB-49A5-9326-482681835EEE}.Debug|iPhoneSimulator.Build.0 = Debug|Any CPU
		{E180BB9B-56AB-49A5-9326-482681835EEE}.Debug|iPhoneSimulator.Deploy.0 = Debug|Any CPU
		{E180BB9B-56AB-49A5-9326-482681835EEE}.Release|Any CPU.ActiveCfg = Release|Any CPU
		{E180BB9B-56AB-49A5-9326-482681835EEE}.Release|Any CPU.Build.0 = Release|Any CPU
		{E180BB9B-56AB-49A5-9326-482681835EEE}.Release|Any CPU.Deploy.0 = Release|Any CPU
		{E180BB9B-56AB-49A5-9326-482681835EEE}.Release|iPhone.ActiveCfg = Release|Any CPU
		{E180BB9B-56AB-49A5-9326-482681835EEE}.Release|iPhone.Build.0 = Release|Any CPU
		{E180BB9B-56AB-49A5-9326-482681835EEE}.Release|iPhone.Deploy.0 = Release|Any CPU
		{E180BB9B-56AB-49A5-9326-482681835EEE}.Release|iPhoneSimulator.ActiveCfg = Release|Any CPU
		{E180BB9B-56AB-49A5-9326-482681835EEE}.Release|iPhoneSimulator.Build.0 = Release|Any CPU
		{E180BB9B-56AB-49A5-9326-482681835EEE}.Release|iPhoneSimulator.Deploy.0 = Release|Any CPU
	EndGlobalSection
	GlobalSection(SolutionProperties) = preSolution
		HideSolutionNode = FALSE
	EndGlobalSection
	GlobalSection(ExtensibilityGlobals) = postSolution
		SolutionGuid = {BEA4E5D1-3B69-45D8-A946-89A4C9AED26F}
	EndGlobalSection
EndGlobal
