
Microsoft Visual Studio Solution File, Format Version 12.00
# Visual Studio 15
VisualStudioVersion = 15.0.27703.2035
MinimumVisualStudioVersion = 10.0.40219.1
Project("{FAE04EC0-301F-11D3-BF4B-00C04F79EFBC}") = "XF.Mapas.Android", "XF.Mapas\XF.Mapas.Android\XF.Mapas.Android.csproj", "{32944391-9BA9-42AF-9E57-9CFDD9E16A1A}"
EndProject
Project("{FAE04EC0-301F-11D3-BF4B-00C04F79EFBC}") = "XF.Mapas.iOS", "XF.Mapas\XF.Mapas.iOS\XF.Mapas.iOS.csproj", "{71613689-888D-4C19-B18F-CF2E00305EB8}"
EndProject
Project("{FAE04EC0-301F-11D3-BF4B-00C04F79EFBC}") = "XF.Mapas", "XF.Mapas\XF.Mapas\XF.Mapas.csproj", "{1C9BC1A1-AAC2-4592-8FD5-11472A9E1C6D}"
EndProject
Global
	GlobalSection(SolutionConfigurationPlatforms) = preSolution
		Ad-Hoc|Any CPU = Ad-Hoc|Any CPU
		Ad-Hoc|iPhone = Ad-Hoc|iPhone
		Ad-Hoc|iPhoneSimulator = Ad-Hoc|iPhoneSimulator
		AppStore|Any CPU = AppStore|Any CPU
		AppStore|iPhone = AppStore|iPhone
		AppStore|iPhoneSimulator = AppStore|iPhoneSimulator
		Debug|Any CPU = Debug|Any CPU
		Debug|iPhone = Debug|iPhone
		Debug|iPhoneSimulator = Debug|iPhoneSimulator
		Release|Any CPU = Release|Any CPU
		Release|iPhone = Release|iPhone
		Release|iPhoneSimulator = Release|iPhoneSimulator
	EndGlobalSection
	GlobalSection(ProjectConfigurationPlatforms) = postSolution
		{32944391-9BA9-42AF-9E57-9CFDD9E16A1A}.Ad-Hoc|Any CPU.ActiveCfg = Release|Any CPU
		{32944391-9BA9-42AF-9E57-9CFDD9E16A1A}.Ad-Hoc|Any CPU.Build.0 = Release|Any CPU
		{32944391-9BA9-42AF-9E57-9CFDD9E16A1A}.Ad-Hoc|Any CPU.Deploy.0 = Release|Any CPU
		{32944391-9BA9-42AF-9E57-9CFDD9E16A1A}.Ad-Hoc|iPhone.ActiveCfg = Release|Any CPU
		{32944391-9BA9-42AF-9E57-9CFDD9E16A1A}.Ad-Hoc|iPhone.Build.0 = Release|Any CPU
		{32944391-9BA9-42AF-9E57-9CFDD9E16A1A}.Ad-Hoc|iPhone.Deploy.0 = Release|Any CPU
		{32944391-9BA9-42AF-9E57-9CFDD9E16A1A}.Ad-Hoc|iPhoneSimulator.ActiveCfg = Release|Any CPU
		{32944391-9BA9-42AF-9E57-9CFDD9E16A1A}.Ad-Hoc|iPhoneSimulator.Build.0 = Release|Any CPU
		{32944391-9BA9-42AF-9E57-9CFDD9E16A1A}.Ad-Hoc|iPhoneSimulator.Deploy.0 = Release|Any CPU
		{32944391-9BA9-42AF-9E57-9CFDD9E16A1A}.AppStore|Any CPU.ActiveCfg = Release|Any CPU
		{32944391-9BA9-42AF-9E57-9CFDD9E16A1A}.AppStore|Any CPU.Build.0 = Release|Any CPU
		{32944391-9BA9-42AF-9E57-9CFDD9E16A1A}.AppStore|Any CPU.Deploy.0 = Release|Any CPU
		{32944391-9BA9-42AF-9E57-9CFDD9E16A1A}.AppStore|iPhone.ActiveCfg = Release|Any CPU
		{32944391-9BA9-42AF-9E57-9CFDD9E16A1A}.AppStore|iPhone.Build.0 = Release|Any CPU
		{32944391-9BA9-42AF-9E57-9CFDD9E16A1A}.AppStore|iPhone.Deploy.0 = Release|Any CPU
		{32944391-9BA9-42AF-9E57-9CFDD9E16A1A}.AppStore|iPhoneSimulator.ActiveCfg = Release|Any CPU
		{32944391-9BA9-42AF-9E57-9CFDD9E16A1A}.AppStore|iPhoneSimulator.Build.0 = Release|Any CPU
		{32944391-9BA9-42AF-9E57-9CFDD9E16A1A}.AppStore|iPhoneSimulator.Deploy.0 = Release|Any CPU
		{32944391-9BA9-42AF-9E57-9CFDD9E16A1A}.Debug|Any CPU.ActiveCfg = Debug|Any CPU
		{32944391-9BA9-42AF-9E57-9CFDD9E16A1A}.Debug|Any CPU.Build.0 = Debug|Any CPU
		{32944391-9BA9-42AF-9E57-9CFDD9E16A1A}.Debug|Any CPU.Deploy.0 = Debug|Any CPU
		{32944391-9BA9-42AF-9E57-9CFDD9E16A1A}.Debug|iPhone.ActiveCfg = Debug|Any CPU
		{32944391-9BA9-42AF-9E57-9CFDD9E16A1A}.Debug|iPhone.Build.0 = Debug|Any CPU
		{32944391-9BA9-42AF-9E57-9CFDD9E16A1A}.Debug|iPhone.Deploy.0 = Debug|Any CPU
		{32944391-9BA9-42AF-9E57-9CFDD9E16A1A}.Debug|iPhoneSimulator.ActiveCfg = Debug|Any CPU
		{32944391-9BA9-42AF-9E57-9CFDD9E16A1A}.Debug|iPhoneSimulator.Build.0 = Debug|Any CPU
		{32944391-9BA9-42AF-9E57-9CFDD9E16A1A}.Debug|iPhoneSimulator.Deploy.0 = Debug|Any CPU
		{32944391-9BA9-42AF-9E57-9CFDD9E16A1A}.Release|Any CPU.ActiveCfg = Release|Any CPU
		{32944391-9BA9-42AF-9E57-9CFDD9E16A1A}.Release|Any CPU.Build.0 = Release|Any CPU
		{32944391-9BA9-42AF-9E57-9CFDD9E16A1A}.Release|Any CPU.Deploy.0 = Release|Any CPU
		{32944391-9BA9-42AF-9E57-9CFDD9E16A1A}.Release|iPhone.ActiveCfg = Release|Any CPU
		{32944391-9BA9-42AF-9E57-9CFDD9E16A1A}.Release|iPhone.Build.0 = Release|Any CPU
		{32944391-9BA9-42AF-9E57-9CFDD9E16A1A}.Release|iPhone.Deploy.0 = Release|Any CPU
		{32944391-9BA9-42AF-9E57-9CFDD9E16A1A}.Release|iPhoneSimulator.ActiveCfg = Release|Any CPU
		{32944391-9BA9-42AF-9E57-9CFDD9E16A1A}.Release|iPhoneSimulator.Build.0 = Release|Any CPU
		{32944391-9BA9-42AF-9E57-9CFDD9E16A1A}.Release|iPhoneSimulator.Deploy.0 = Release|Any CPU
		{71613689-888D-4C19-B18F-CF2E00305EB8}.Ad-Hoc|Any CPU.ActiveCfg = Ad-Hoc|iPhone
		{71613689-888D-4C19-B18F-CF2E00305EB8}.Ad-Hoc|Any CPU.Build.0 = Ad-Hoc|iPhone
		{71613689-888D-4C19-B18F-CF2E00305EB8}.Ad-Hoc|Any CPU.Deploy.0 = Ad-Hoc|iPhone
		{71613689-888D-4C19-B18F-CF2E00305EB8}.Ad-Hoc|iPhone.ActiveCfg = Ad-Hoc|iPhone
		{71613689-888D-4C19-B18F-CF2E00305EB8}.Ad-Hoc|iPhone.Build.0 = Ad-Hoc|iPhone
		{71613689-888D-4C19-B18F-CF2E00305EB8}.Ad-Hoc|iPhone.Deploy.0 = Ad-Hoc|iPhone
		{71613689-888D-4C19-B18F-CF2E00305EB8}.Ad-Hoc|iPhoneSimulator.ActiveCfg = Ad-Hoc|iPhoneSimulator
		{71613689-888D-4C19-B18F-CF2E00305EB8}.Ad-Hoc|iPhoneSimulator.Build.0 = Ad-Hoc|iPhoneSimulator
		{71613689-888D-4C19-B18F-CF2E00305EB8}.Ad-Hoc|iPhoneSimulator.Deploy.0 = Ad-Hoc|iPhoneSimulator
		{71613689-888D-4C19-B18F-CF2E00305EB8}.AppStore|Any CPU.ActiveCfg = AppStore|iPhone
		{71613689-888D-4C19-B18F-CF2E00305EB8}.AppStore|Any CPU.Build.0 = AppStore|iPhone
		{71613689-888D-4C19-B18F-CF2E00305EB8}.AppStore|Any CPU.Deploy.0 = AppStore|iPhone
		{71613689-888D-4C19-B18F-CF2E00305EB8}.AppStore|iPhone.ActiveCfg = AppStore|iPhone
		{71613689-888D-4C19-B18F-CF2E00305EB8}.AppStore|iPhone.Build.0 = AppStore|iPhone
		{71613689-888D-4C19-B18F-CF2E00305EB8}.AppStore|iPhone.Deploy.0 = AppStore|iPhone
		{71613689-888D-4C19-B18F-CF2E00305EB8}.AppStore|iPhoneSimulator.ActiveCfg = AppStore|iPhoneSimulator
		{71613689-888D-4C19-B18F-CF2E00305EB8}.AppStore|iPhoneSimulator.Build.0 = AppStore|iPhoneSimulator
		{71613689-888D-4C19-B18F-CF2E00305EB8}.AppStore|iPhoneSimulator.Deploy.0 = AppStore|iPhoneSimulator
		{71613689-888D-4C19-B18F-CF2E00305EB8}.Debug|Any CPU.ActiveCfg = Debug|iPhoneSimulator
		{71613689-888D-4C19-B18F-CF2E00305EB8}.Debug|Any CPU.Build.0 = Debug|iPhoneSimulator
		{71613689-888D-4C19-B18F-CF2E00305EB8}.Debug|Any CPU.Deploy.0 = Debug|iPhoneSimulator
		{71613689-888D-4C19-B18F-CF2E00305EB8}.Debug|iPhone.ActiveCfg = Debug|iPhone
		{71613689-888D-4C19-B18F-CF2E00305EB8}.Debug|iPhone.Build.0 = Debug|iPhone
		{71613689-888D-4C19-B18F-CF2E00305EB8}.Debug|iPhone.Deploy.0 = Debug|iPhone
		{71613689-888D-4C19-B18F-CF2E00305EB8}.Debug|iPhoneSimulator.ActiveCfg = Debug|iPhoneSimulator
		{71613689-888D-4C19-B18F-CF2E00305EB8}.Debug|iPhoneSimulator.Build.0 = Debug|iPhoneSimulator
		{71613689-888D-4C19-B18F-CF2E00305EB8}.Debug|iPhoneSimulator.Deploy.0 = Debug|iPhoneSimulator
		{71613689-888D-4C19-B18F-CF2E00305EB8}.Release|Any CPU.ActiveCfg = Release|iPhone
		{71613689-888D-4C19-B18F-CF2E00305EB8}.Release|Any CPU.Build.0 = Release|iPhone
		{71613689-888D-4C19-B18F-CF2E00305EB8}.Release|Any CPU.Deploy.0 = Release|iPhone
		{71613689-888D-4C19-B18F-CF2E00305EB8}.Release|iPhone.ActiveCfg = Release|iPhone
		{71613689-888D-4C19-B18F-CF2E00305EB8}.Release|iPhone.Build.0 = Release|iPhone
		{71613689-888D-4C19-B18F-CF2E00305EB8}.Release|iPhone.Deploy.0 = Release|iPhone
		{71613689-888D-4C19-B18F-CF2E00305EB8}.Release|iPhoneSimulator.ActiveCfg = Release|iPhoneSimulator
		{71613689-888D-4C19-B18F-CF2E00305EB8}.Release|iPhoneSimulator.Build.0 = Release|iPhoneSimulator
		{71613689-888D-4C19-B18F-CF2E00305EB8}.Release|iPhoneSimulator.Deploy.0 = Release|iPhoneSimulator
		{1C9BC1A1-AAC2-4592-8FD5-11472A9E1C6D}.Ad-Hoc|Any CPU.ActiveCfg = Debug|Any CPU
		{1C9BC1A1-AAC2-4592-8FD5-11472A9E1C6D}.Ad-Hoc|Any CPU.Build.0 = Debug|Any CPU
		{1C9BC1A1-AAC2-4592-8FD5-11472A9E1C6D}.Ad-Hoc|Any CPU.Deploy.0 = Debug|Any CPU
		{1C9BC1A1-AAC2-4592-8FD5-11472A9E1C6D}.Ad-Hoc|iPhone.ActiveCfg = Debug|Any CPU
		{1C9BC1A1-AAC2-4592-8FD5-11472A9E1C6D}.Ad-Hoc|iPhone.Build.0 = Debug|Any CPU
		{1C9BC1A1-AAC2-4592-8FD5-11472A9E1C6D}.Ad-Hoc|iPhone.Deploy.0 = Debug|Any CPU
		{1C9BC1A1-AAC2-4592-8FD5-11472A9E1C6D}.Ad-Hoc|iPhoneSimulator.ActiveCfg = Debug|Any CPU
		{1C9BC1A1-AAC2-4592-8FD5-11472A9E1C6D}.Ad-Hoc|iPhoneSimulator.Build.0 = Debug|Any CPU
		{1C9BC1A1-AAC2-4592-8FD5-11472A9E1C6D}.Ad-Hoc|iPhoneSimulator.Deploy.0 = Debug|Any CPU
		{1C9BC1A1-AAC2-4592-8FD5-11472A9E1C6D}.AppStore|Any CPU.ActiveCfg = Debug|Any CPU
		{1C9BC1A1-AAC2-4592-8FD5-11472A9E1C6D}.AppStore|Any CPU.Build.0 = Debug|Any CPU
		{1C9BC1A1-AAC2-4592-8FD5-11472A9E1C6D}.AppStore|Any CPU.Deploy.0 = Debug|Any CPU
		{1C9BC1A1-AAC2-4592-8FD5-11472A9E1C6D}.AppStore|iPhone.ActiveCfg = Debug|Any CPU
		{1C9BC1A1-AAC2-4592-8FD5-11472A9E1C6D}.AppStore|iPhone.Build.0 = Debug|Any CPU
		{1C9BC1A1-AAC2-4592-8FD5-11472A9E1C6D}.AppStore|iPhone.Deploy.0 = Debug|Any CPU
		{1C9BC1A1-AAC2-4592-8FD5-11472A9E1C6D}.AppStore|iPhoneSimulator.ActiveCfg = Debug|Any CPU
		{1C9BC1A1-AAC2-4592-8FD5-11472A9E1C6D}.AppStore|iPhoneSimulator.Build.0 = Debug|Any CPU
		{1C9BC1A1-AAC2-4592-8FD5-11472A9E1C6D}.AppStore|iPhoneSimulator.Deploy.0 = Debug|Any CPU
		{1C9BC1A1-AAC2-4592-8FD5-11472A9E1C6D}.Debug|Any CPU.ActiveCfg = Debug|Any CPU
		{1C9BC1A1-AAC2-4592-8FD5-11472A9E1C6D}.Debug|Any CPU.Build.0 = Debug|Any CPU
		{1C9BC1A1-AAC2-4592-8FD5-11472A9E1C6D}.Debug|Any CPU.Deploy.0 = Debug|Any CPU
		{1C9BC1A1-AAC2-4592-8FD5-11472A9E1C6D}.Debug|iPhone.ActiveCfg = Debug|Any CPU
		{1C9BC1A1-AAC2-4592-8FD5-11472A9E1C6D}.Debug|iPhone.Build.0 = Debug|Any CPU
		{1C9BC1A1-AAC2-4592-8FD5-11472A9E1C6D}.Debug|iPhone.Deploy.0 = Debug|Any CPU
		{1C9BC1A1-AAC2-4592-8FD5-11472A9E1C6D}.Debug|iPhoneSimulator.ActiveCfg = Debug|Any CPU
		{1C9BC1A1-AAC2-4592-8FD5-11472A9E1C6D}.Debug|iPhoneSimulator.Build.0 = Debug|Any CPU
		{1C9BC1A1-AAC2-4592-8FD5-11472A9E1C6D}.Debug|iPhoneSimulator.Deploy.0 = Debug|Any CPU
		{1C9BC1A1-AAC2-4592-8FD5-11472A9E1C6D}.Release|Any CPU.ActiveCfg = Release|Any CPU
		{1C9BC1A1-AAC2-4592-8FD5-11472A9E1C6D}.Release|Any CPU.Build.0 = Release|Any CPU
		{1C9BC1A1-AAC2-4592-8FD5-11472A9E1C6D}.Release|Any CPU.Deploy.0 = Release|Any CPU
		{1C9BC1A1-AAC2-4592-8FD5-11472A9E1C6D}.Release|iPhone.ActiveCfg = Release|Any CPU
		{1C9BC1A1-AAC2-4592-8FD5-11472A9E1C6D}.Release|iPhone.Build.0 = Release|Any CPU
		{1C9BC1A1-AAC2-4592-8FD5-11472A9E1C6D}.Release|iPhone.Deploy.0 = Release|Any CPU
		{1C9BC1A1-AAC2-4592-8FD5-11472A9E1C6D}.Release|iPhoneSimulator.ActiveCfg = Release|Any CPU
		{1C9BC1A1-AAC2-4592-8FD5-11472A9E1C6D}.Release|iPhoneSimulator.Build.0 = Release|Any CPU
		{1C9BC1A1-AAC2-4592-8FD5-11472A9E1C6D}.Release|iPhoneSimulator.Deploy.0 = Release|Any CPU
	EndGlobalSection
	GlobalSection(SolutionProperties) = preSolution
		HideSolutionNode = FALSE
	EndGlobalSection
	GlobalSection(ExtensibilityGlobals) = postSolution
		SolutionGuid = {BDA8ADB3-509B-48CE-940E-B278E4374B10}
	EndGlobalSection
EndGlobal
