
Microsoft Visual Studio Solution File, Format Version 12.00
# Visual Studio 15
VisualStudioVersion = 15.0.27703.2035
MinimumVisualStudioVersion = 10.0.40219.1
Project("{FAE04EC0-301F-11D3-BF4B-00C04F79EFBC}") = "XF.Hello.Android", "XF.Hello\XF.Hello.Android\XF.Hello.Android.csproj", "{58CEAD57-2D25-4974-ABC1-F95A0392FF2C}"
EndProject
Project("{FAE04EC0-301F-11D3-BF4B-00C04F79EFBC}") = "XF.Hello.iOS", "XF.Hello\XF.Hello.iOS\XF.Hello.iOS.csproj", "{D17D229A-08EC-48F2-ADFE-181BA4E0634B}"
EndProject
Project("{FAE04EC0-301F-11D3-BF4B-00C04F79EFBC}") = "XF.Hello", "XF.Hello\XF.Hello\XF.Hello.csproj", "{D50AD020-5760-4820-8CAE-64000AD1A3AE}"
EndProject
Global
	GlobalSection(SolutionConfigurationPlatforms) = preSolution
		Ad-Hoc|Any CPU = Ad-Hoc|Any CPU
		Ad-Hoc|iPhone = Ad-Hoc|iPhone
		Ad-Hoc|iPhoneSimulator = Ad-Hoc|iPhoneSimulator
		AppStore|Any CPU = AppStore|Any CPU
		AppStore|iPhone = AppStore|iPhone
		AppStore|iPhoneSimulator = AppStore|iPhoneSimulator
		Debug|Any CPU = Debug|Any CPU
		Debug|iPhone = Debug|iPhone
		Debug|iPhoneSimulator = Debug|iPhoneSimulator
		Release|Any CPU = Release|Any CPU
		Release|iPhone = Release|iPhone
		Release|iPhoneSimulator = Release|iPhoneSimulator
	EndGlobalSection
	GlobalSection(ProjectConfigurationPlatforms) = postSolution
		{58CEAD57-2D25-4974-ABC1-F95A0392FF2C}.Ad-Hoc|Any CPU.ActiveCfg = Release|Any CPU
		{58CEAD57-2D25-4974-ABC1-F95A0392FF2C}.Ad-Hoc|Any CPU.Build.0 = Release|Any CPU
		{58CEAD57-2D25-4974-ABC1-F95A0392FF2C}.Ad-Hoc|Any CPU.Deploy.0 = Release|Any CPU
		{58CEAD57-2D25-4974-ABC1-F95A0392FF2C}.Ad-Hoc|iPhone.ActiveCfg = Release|Any CPU
		{58CEAD57-2D25-4974-ABC1-F95A0392FF2C}.Ad-Hoc|iPhone.Build.0 = Release|Any CPU
		{58CEAD57-2D25-4974-ABC1-F95A0392FF2C}.Ad-Hoc|iPhone.Deploy.0 = Release|Any CPU
		{58CEAD57-2D25-4974-ABC1-F95A0392FF2C}.Ad-Hoc|iPhoneSimulator.ActiveCfg = Release|Any CPU
		{58CEAD57-2D25-4974-ABC1-F95A0392FF2C}.Ad-Hoc|iPhoneSimulator.Build.0 = Release|Any CPU
		{58CEAD57-2D25-4974-ABC1-F95A0392FF2C}.Ad-Hoc|iPhoneSimulator.Deploy.0 = Release|Any CPU
		{58CEAD57-2D25-4974-ABC1-F95A0392FF2C}.AppStore|Any CPU.ActiveCfg = Release|Any CPU
		{58CEAD57-2D25-4974-ABC1-F95A0392FF2C}.AppStore|Any CPU.Build.0 = Release|Any CPU
		{58CEAD57-2D25-4974-ABC1-F95A0392FF2C}.AppStore|Any CPU.Deploy.0 = Release|Any CPU
		{58CEAD57-2D25-4974-ABC1-F95A0392FF2C}.AppStore|iPhone.ActiveCfg = Release|Any CPU
		{58CEAD57-2D25-4974-ABC1-F95A0392FF2C}.AppStore|iPhone.Build.0 = Release|Any CPU
		{58CEAD57-2D25-4974-ABC1-F95A0392FF2C}.AppStore|iPhone.Deploy.0 = Release|Any CPU
		{58CEAD57-2D25-4974-ABC1-F95A0392FF2C}.AppStore|iPhoneSimulator.ActiveCfg = Release|Any CPU
		{58CEAD57-2D25-4974-ABC1-F95A0392FF2C}.AppStore|iPhoneSimulator.Build.0 = Release|Any CPU
		{58CEAD57-2D25-4974-ABC1-F95A0392FF2C}.AppStore|iPhoneSimulator.Deploy.0 = Release|Any CPU
		{58CEAD57-2D25-4974-ABC1-F95A0392FF2C}.Debug|Any CPU.ActiveCfg = Debug|Any CPU
		{58CEAD57-2D25-4974-ABC1-F95A0392FF2C}.Debug|Any CPU.Build.0 = Debug|Any CPU
		{58CEAD57-2D25-4974-ABC1-F95A0392FF2C}.Debug|Any CPU.Deploy.0 = Debug|Any CPU
		{58CEAD57-2D25-4974-ABC1-F95A0392FF2C}.Debug|iPhone.ActiveCfg = Debug|Any CPU
		{58CEAD57-2D25-4974-ABC1-F95A0392FF2C}.Debug|iPhone.Build.0 = Debug|Any CPU
		{58CEAD57-2D25-4974-ABC1-F95A0392FF2C}.Debug|iPhone.Deploy.0 = Debug|Any CPU
		{58CEAD57-2D25-4974-ABC1-F95A0392FF2C}.Debug|iPhoneSimulator.ActiveCfg = Debug|Any CPU
		{58CEAD57-2D25-4974-ABC1-F95A0392FF2C}.Debug|iPhoneSimulator.Build.0 = Debug|Any CPU
		{58CEAD57-2D25-4974-ABC1-F95A0392FF2C}.Debug|iPhoneSimulator.Deploy.0 = Debug|Any CPU
		{58CEAD57-2D25-4974-ABC1-F95A0392FF2C}.Release|Any CPU.ActiveCfg = Release|Any CPU
		{58CEAD57-2D25-4974-ABC1-F95A0392FF2C}.Release|Any CPU.Build.0 = Release|Any CPU
		{58CEAD57-2D25-4974-ABC1-F95A0392FF2C}.Release|Any CPU.Deploy.0 = Release|Any CPU
		{58CEAD57-2D25-4974-ABC1-F95A0392FF2C}.Release|iPhone.ActiveCfg = Release|Any CPU
		{58CEAD57-2D25-4974-ABC1-F95A0392FF2C}.Release|iPhone.Build.0 = Release|Any CPU
		{58CEAD57-2D25-4974-ABC1-F95A0392FF2C}.Release|iPhone.Deploy.0 = Release|Any CPU
		{58CEAD57-2D25-4974-ABC1-F95A0392FF2C}.Release|iPhoneSimulator.ActiveCfg = Release|Any CPU
		{58CEAD57-2D25-4974-ABC1-F95A0392FF2C}.Release|iPhoneSimulator.Build.0 = Release|Any CPU
		{58CEAD57-2D25-4974-ABC1-F95A0392FF2C}.Release|iPhoneSimulator.Deploy.0 = Release|Any CPU
		{D17D229A-08EC-48F2-ADFE-181BA4E0634B}.Ad-Hoc|Any CPU.ActiveCfg = Ad-Hoc|iPhone
		{D17D229A-08EC-48F2-ADFE-181BA4E0634B}.Ad-Hoc|Any CPU.Build.0 = Ad-Hoc|iPhone
		{D17D229A-08EC-48F2-ADFE-181BA4E0634B}.Ad-Hoc|Any CPU.Deploy.0 = Ad-Hoc|iPhone
		{D17D229A-08EC-48F2-ADFE-181BA4E0634B}.Ad-Hoc|iPhone.ActiveCfg = Ad-Hoc|iPhone
		{D17D229A-08EC-48F2-ADFE-181BA4E0634B}.Ad-Hoc|iPhone.Build.0 = Ad-Hoc|iPhone
		{D17D229A-08EC-48F2-ADFE-181BA4E0634B}.Ad-Hoc|iPhone.Deploy.0 = Ad-Hoc|iPhone
		{D17D229A-08EC-48F2-ADFE-181BA4E0634B}.Ad-Hoc|iPhoneSimulator.ActiveCfg = Ad-Hoc|iPhoneSimulator
		{D17D229A-08EC-48F2-ADFE-181BA4E0634B}.Ad-Hoc|iPhoneSimulator.Build.0 = Ad-Hoc|iPhoneSimulator
		{D17D229A-08EC-48F2-ADFE-181BA4E0634B}.Ad-Hoc|iPhoneSimulator.Deploy.0 = Ad-Hoc|iPhoneSimulator
		{D17D229A-08EC-48F2-ADFE-181BA4E0634B}.AppStore|Any CPU.ActiveCfg = AppStore|iPhone
		{D17D229A-08EC-48F2-ADFE-181BA4E0634B}.AppStore|Any CPU.Build.0 = AppStore|iPhone
		{D17D229A-08EC-48F2-ADFE-181BA4E0634B}.AppStore|Any CPU.Deploy.0 = AppStore|iPhone
		{D17D229A-08EC-48F2-ADFE-181BA4E0634B}.AppStore|iPhone.ActiveCfg = AppStore|iPhone
		{D17D229A-08EC-48F2-ADFE-181BA4E0634B}.AppStore|iPhone.Build.0 = AppStore|iPhone
		{D17D229A-08EC-48F2-ADFE-181BA4E0634B}.AppStore|iPhone.Deploy.0 = AppStore|iPhone
		{D17D229A-08EC-48F2-ADFE-181BA4E0634B}.AppStore|iPhoneSimulator.ActiveCfg = AppStore|iPhoneSimulator
		{D17D229A-08EC-48F2-ADFE-181BA4E0634B}.AppStore|iPhoneSimulator.Build.0 = AppStore|iPhoneSimulator
		{D17D229A-08EC-48F2-ADFE-181BA4E0634B}.AppStore|iPhoneSimulator.Deploy.0 = AppStore|iPhoneSimulator
		{D17D229A-08EC-48F2-ADFE-181BA4E0634B}.Debug|Any CPU.ActiveCfg = Debug|iPhoneSimulator
		{D17D229A-08EC-48F2-ADFE-181BA4E0634B}.Debug|Any CPU.Build.0 = Debug|iPhoneSimulator
		{D17D229A-08EC-48F2-ADFE-181BA4E0634B}.Debug|Any CPU.Deploy.0 = Debug|iPhoneSimulator
		{D17D229A-08EC-48F2-ADFE-181BA4E0634B}.Debug|iPhone.ActiveCfg = Debug|iPhone
		{D17D229A-08EC-48F2-ADFE-181BA4E0634B}.Debug|iPhone.Build.0 = Debug|iPhone
		{D17D229A-08EC-48F2-ADFE-181BA4E0634B}.Debug|iPhone.Deploy.0 = Debug|iPhone
		{D17D229A-08EC-48F2-ADFE-181BA4E0634B}.Debug|iPhoneSimulator.ActiveCfg = Debug|iPhoneSimulator
		{D17D229A-08EC-48F2-ADFE-181BA4E0634B}.Debug|iPhoneSimulator.Build.0 = Debug|iPhoneSimulator
		{D17D229A-08EC-48F2-ADFE-181BA4E0634B}.Debug|iPhoneSimulator.Deploy.0 = Debug|iPhoneSimulator
		{D17D229A-08EC-48F2-ADFE-181BA4E0634B}.Release|Any CPU.ActiveCfg = Release|iPhone
		{D17D229A-08EC-48F2-ADFE-181BA4E0634B}.Release|Any CPU.Build.0 = Release|iPhone
		{D17D229A-08EC-48F2-ADFE-181BA4E0634B}.Release|Any CPU.Deploy.0 = Release|iPhone
		{D17D229A-08EC-48F2-ADFE-181BA4E0634B}.Release|iPhone.ActiveCfg = Release|iPhone
		{D17D229A-08EC-48F2-ADFE-181BA4E0634B}.Release|iPhone.Build.0 = Release|iPhone
		{D17D229A-08EC-48F2-ADFE-181BA4E0634B}.Release|iPhone.Deploy.0 = Release|iPhone
		{D17D229A-08EC-48F2-ADFE-181BA4E0634B}.Release|iPhoneSimulator.ActiveCfg = Release|iPhoneSimulator
		{D17D229A-08EC-48F2-ADFE-181BA4E0634B}.Release|iPhoneSimulator.Build.0 = Release|iPhoneSimulator
		{D17D229A-08EC-48F2-ADFE-181BA4E0634B}.Release|iPhoneSimulator.Deploy.0 = Release|iPhoneSimulator
		{D50AD020-5760-4820-8CAE-64000AD1A3AE}.Ad-Hoc|Any CPU.ActiveCfg = Debug|Any CPU
		{D50AD020-5760-4820-8CAE-64000AD1A3AE}.Ad-Hoc|Any CPU.Build.0 = Debug|Any CPU
		{D50AD020-5760-4820-8CAE-64000AD1A3AE}.Ad-Hoc|Any CPU.Deploy.0 = Debug|Any CPU
		{D50AD020-5760-4820-8CAE-64000AD1A3AE}.Ad-Hoc|iPhone.ActiveCfg = Debug|Any CPU
		{D50AD020-5760-4820-8CAE-64000AD1A3AE}.Ad-Hoc|iPhone.Build.0 = Debug|Any CPU
		{D50AD020-5760-4820-8CAE-64000AD1A3AE}.Ad-Hoc|iPhone.Deploy.0 = Debug|Any CPU
		{D50AD020-5760-4820-8CAE-64000AD1A3AE}.Ad-Hoc|iPhoneSimulator.ActiveCfg = Debug|Any CPU
		{D50AD020-5760-4820-8CAE-64000AD1A3AE}.Ad-Hoc|iPhoneSimulator.Build.0 = Debug|Any CPU
		{D50AD020-5760-4820-8CAE-64000AD1A3AE}.Ad-Hoc|iPhoneSimulator.Deploy.0 = Debug|Any CPU
		{D50AD020-5760-4820-8CAE-64000AD1A3AE}.AppStore|Any CPU.ActiveCfg = Debug|Any CPU
		{D50AD020-5760-4820-8CAE-64000AD1A3AE}.AppStore|Any CPU.Build.0 = Debug|Any CPU
		{D50AD020-5760-4820-8CAE-64000AD1A3AE}.AppStore|Any CPU.Deploy.0 = Debug|Any CPU
		{D50AD020-5760-4820-8CAE-64000AD1A3AE}.AppStore|iPhone.ActiveCfg = Debug|Any CPU
		{D50AD020-5760-4820-8CAE-64000AD1A3AE}.AppStore|iPhone.Build.0 = Debug|Any CPU
		{D50AD020-5760-4820-8CAE-64000AD1A3AE}.AppStore|iPhone.Deploy.0 = Debug|Any CPU
		{D50AD020-5760-4820-8CAE-64000AD1A3AE}.AppStore|iPhoneSimulator.ActiveCfg = Debug|Any CPU
		{D50AD020-5760-4820-8CAE-64000AD1A3AE}.AppStore|iPhoneSimulator.Build.0 = Debug|Any CPU
		{D50AD020-5760-4820-8CAE-64000AD1A3AE}.AppStore|iPhoneSimulator.Deploy.0 = Debug|Any CPU
		{D50AD020-5760-4820-8CAE-64000AD1A3AE}.Debug|Any CPU.ActiveCfg = Debug|Any CPU
		{D50AD020-5760-4820-8CAE-64000AD1A3AE}.Debug|Any CPU.Build.0 = Debug|Any CPU
		{D50AD020-5760-4820-8CAE-64000AD1A3AE}.Debug|Any CPU.Deploy.0 = Debug|Any CPU
		{D50AD020-5760-4820-8CAE-64000AD1A3AE}.Debug|iPhone.ActiveCfg = Debug|Any CPU
		{D50AD020-5760-4820-8CAE-64000AD1A3AE}.Debug|iPhone.Build.0 = Debug|Any CPU
		{D50AD020-5760-4820-8CAE-64000AD1A3AE}.Debug|iPhone.Deploy.0 = Debug|Any CPU
		{D50AD020-5760-4820-8CAE-64000AD1A3AE}.Debug|iPhoneSimulator.ActiveCfg = Debug|Any CPU
		{D50AD020-5760-4820-8CAE-64000AD1A3AE}.Debug|iPhoneSimulator.Build.0 = Debug|Any CPU
		{D50AD020-5760-4820-8CAE-64000AD1A3AE}.Debug|iPhoneSimulator.Deploy.0 = Debug|Any CPU
		{D50AD020-5760-4820-8CAE-64000AD1A3AE}.Release|Any CPU.ActiveCfg = Release|Any CPU
		{D50AD020-5760-4820-8CAE-64000AD1A3AE}.Release|Any CPU.Build.0 = Release|Any CPU
		{D50AD020-5760-4820-8CAE-64000AD1A3AE}.Release|Any CPU.Deploy.0 = Release|Any CPU
		{D50AD020-5760-4820-8CAE-64000AD1A3AE}.Release|iPhone.ActiveCfg = Release|Any CPU
		{D50AD020-5760-4820-8CAE-64000AD1A3AE}.Release|iPhone.Build.0 = Release|Any CPU
		{D50AD020-5760-4820-8CAE-64000AD1A3AE}.Release|iPhone.Deploy.0 = Release|Any CPU
		{D50AD020-5760-4820-8CAE-64000AD1A3AE}.Release|iPhoneSimulator.ActiveCfg = Release|Any CPU
		{D50AD020-5760-4820-8CAE-64000AD1A3AE}.Release|iPhoneSimulator.Build.0 = Release|Any CPU
		{D50AD020-5760-4820-8CAE-64000AD1A3AE}.Release|iPhoneSimulator.Deploy.0 = Release|Any CPU
	EndGlobalSection
	GlobalSection(SolutionProperties) = preSolution
		HideSolutionNode = FALSE
	EndGlobalSection
	GlobalSection(ExtensibilityGlobals) = postSolution
		SolutionGuid = {08BDD673-D38E-4526-BE5F-B532E0B32B28}
	EndGlobalSection
EndGlobal
