
Microsoft Visual Studio Solution File, Format Version 12.00
# Visual Studio 15
VisualStudioVersion = 15.0.27703.2035
MinimumVisualStudioVersion = 10.0.40219.1
Project("{FAE04EC0-301F-11D3-BF4B-00C04F79EFBC}") = "XF.MVVMBasic.Android", "XF.MVVMBasic\XF.MVVMBasic.Android\XF.MVVMBasic.Android.csproj", "{D93CB92D-C30A-4717-BF55-7749D9B5C469}"
EndProject
Project("{FAE04EC0-301F-11D3-BF4B-00C04F79EFBC}") = "XF.MVVMBasic.iOS", "XF.MVVMBasic\XF.MVVMBasic.iOS\XF.MVVMBasic.iOS.csproj", "{0AD19F94-2C75-4E8D-BBDC-81B67C5CF316}"
EndProject
Project("{FAE04EC0-301F-11D3-BF4B-00C04F79EFBC}") = "XF.MVVMBasic", "XF.MVVMBasic\XF.MVVMBasic\XF.MVVMBasic.csproj", "{301AC056-B879-402F-A840-DF3EFE2F1D56}"
EndProject
Global
	GlobalSection(SolutionConfigurationPlatforms) = preSolution
		Ad-Hoc|Any CPU = Ad-Hoc|Any CPU
		Ad-Hoc|iPhone = Ad-Hoc|iPhone
		Ad-Hoc|iPhoneSimulator = Ad-Hoc|iPhoneSimulator
		AppStore|Any CPU = AppStore|Any CPU
		AppStore|iPhone = AppStore|iPhone
		AppStore|iPhoneSimulator = AppStore|iPhoneSimulator
		Debug|Any CPU = Debug|Any CPU
		Debug|iPhone = Debug|iPhone
		Debug|iPhoneSimulator = Debug|iPhoneSimulator
		Release|Any CPU = Release|Any CPU
		Release|iPhone = Release|iPhone
		Release|iPhoneSimulator = Release|iPhoneSimulator
	EndGlobalSection
	GlobalSection(ProjectConfigurationPlatforms) = postSolution
		{D93CB92D-C30A-4717-BF55-7749D9B5C469}.Ad-Hoc|Any CPU.ActiveCfg = Release|Any CPU
		{D93CB92D-C30A-4717-BF55-7749D9B5C469}.Ad-Hoc|Any CPU.Build.0 = Release|Any CPU
		{D93CB92D-C30A-4717-BF55-7749D9B5C469}.Ad-Hoc|Any CPU.Deploy.0 = Release|Any CPU
		{D93CB92D-C30A-4717-BF55-7749D9B5C469}.Ad-Hoc|iPhone.ActiveCfg = Release|Any CPU
		{D93CB92D-C30A-4717-BF55-7749D9B5C469}.Ad-Hoc|iPhone.Build.0 = Release|Any CPU
		{D93CB92D-C30A-4717-BF55-7749D9B5C469}.Ad-Hoc|iPhone.Deploy.0 = Release|Any CPU
		{D93CB92D-C30A-4717-BF55-7749D9B5C469}.Ad-Hoc|iPhoneSimulator.ActiveCfg = Release|Any CPU
		{D93CB92D-C30A-4717-BF55-7749D9B5C469}.Ad-Hoc|iPhoneSimulator.Build.0 = Release|Any CPU
		{D93CB92D-C30A-4717-BF55-7749D9B5C469}.Ad-Hoc|iPhoneSimulator.Deploy.0 = Release|Any CPU
		{D93CB92D-C30A-4717-BF55-7749D9B5C469}.AppStore|Any CPU.ActiveCfg = Release|Any CPU
		{D93CB92D-C30A-4717-BF55-7749D9B5C469}.AppStore|Any CPU.Build.0 = Release|Any CPU
		{D93CB92D-C30A-4717-BF55-7749D9B5C469}.AppStore|Any CPU.Deploy.0 = Release|Any CPU
		{D93CB92D-C30A-4717-BF55-7749D9B5C469}.AppStore|iPhone.ActiveCfg = Release|Any CPU
		{D93CB92D-C30A-4717-BF55-7749D9B5C469}.AppStore|iPhone.Build.0 = Release|Any CPU
		{D93CB92D-C30A-4717-BF55-7749D9B5C469}.AppStore|iPhone.Deploy.0 = Release|Any CPU
		{D93CB92D-C30A-4717-BF55-7749D9B5C469}.AppStore|iPhoneSimulator.ActiveCfg = Release|Any CPU
		{D93CB92D-C30A-4717-BF55-7749D9B5C469}.AppStore|iPhoneSimulator.Build.0 = Release|Any CPU
		{D93CB92D-C30A-4717-BF55-7749D9B5C469}.AppStore|iPhoneSimulator.Deploy.0 = Release|Any CPU
		{D93CB92D-C30A-4717-BF55-7749D9B5C469}.Debug|Any CPU.ActiveCfg = Debug|Any CPU
		{D93CB92D-C30A-4717-BF55-7749D9B5C469}.Debug|Any CPU.Build.0 = Debug|Any CPU
		{D93CB92D-C30A-4717-BF55-7749D9B5C469}.Debug|Any CPU.Deploy.0 = Debug|Any CPU
		{D93CB92D-C30A-4717-BF55-7749D9B5C469}.Debug|iPhone.ActiveCfg = Debug|Any CPU
		{D93CB92D-C30A-4717-BF55-7749D9B5C469}.Debug|iPhone.Build.0 = Debug|Any CPU
		{D93CB92D-C30A-4717-BF55-7749D9B5C469}.Debug|iPhone.Deploy.0 = Debug|Any CPU
		{D93CB92D-C30A-4717-BF55-7749D9B5C469}.Debug|iPhoneSimulator.ActiveCfg = Debug|Any CPU
		{D93CB92D-C30A-4717-BF55-7749D9B5C469}.Debug|iPhoneSimulator.Build.0 = Debug|Any CPU
		{D93CB92D-C30A-4717-BF55-7749D9B5C469}.Debug|iPhoneSimulator.Deploy.0 = Debug|Any CPU
		{D93CB92D-C30A-4717-BF55-7749D9B5C469}.Release|Any CPU.ActiveCfg = Release|Any CPU
		{D93CB92D-C30A-4717-BF55-7749D9B5C469}.Release|Any CPU.Build.0 = Release|Any CPU
		{D93CB92D-C30A-4717-BF55-7749D9B5C469}.Release|Any CPU.Deploy.0 = Release|Any CPU
		{D93CB92D-C30A-4717-BF55-7749D9B5C469}.Release|iPhone.ActiveCfg = Release|Any CPU
		{D93CB92D-C30A-4717-BF55-7749D9B5C469}.Release|iPhone.Build.0 = Release|Any CPU
		{D93CB92D-C30A-4717-BF55-7749D9B5C469}.Release|iPhone.Deploy.0 = Release|Any CPU
		{D93CB92D-C30A-4717-BF55-7749D9B5C469}.Release|iPhoneSimulator.ActiveCfg = Release|Any CPU
		{D93CB92D-C30A-4717-BF55-7749D9B5C469}.Release|iPhoneSimulator.Build.0 = Release|Any CPU
		{D93CB92D-C30A-4717-BF55-7749D9B5C469}.Release|iPhoneSimulator.Deploy.0 = Release|Any CPU
		{0AD19F94-2C75-4E8D-BBDC-81B67C5CF316}.Ad-Hoc|Any CPU.ActiveCfg = Ad-Hoc|iPhone
		{0AD19F94-2C75-4E8D-BBDC-81B67C5CF316}.Ad-Hoc|Any CPU.Build.0 = Ad-Hoc|iPhone
		{0AD19F94-2C75-4E8D-BBDC-81B67C5CF316}.Ad-Hoc|Any CPU.Deploy.0 = Ad-Hoc|iPhone
		{0AD19F94-2C75-4E8D-BBDC-81B67C5CF316}.Ad-Hoc|iPhone.ActiveCfg = Ad-Hoc|iPhone
		{0AD19F94-2C75-4E8D-BBDC-81B67C5CF316}.Ad-Hoc|iPhone.Build.0 = Ad-Hoc|iPhone
		{0AD19F94-2C75-4E8D-BBDC-81B67C5CF316}.Ad-Hoc|iPhone.Deploy.0 = Ad-Hoc|iPhone
		{0AD19F94-2C75-4E8D-BBDC-81B67C5CF316}.Ad-Hoc|iPhoneSimulator.ActiveCfg = Ad-Hoc|iPhoneSimulator
		{0AD19F94-2C75-4E8D-BBDC-81B67C5CF316}.Ad-Hoc|iPhoneSimulator.Build.0 = Ad-Hoc|iPhoneSimulator
		{0AD19F94-2C75-4E8D-BBDC-81B67C5CF316}.Ad-Hoc|iPhoneSimulator.Deploy.0 = Ad-Hoc|iPhoneSimulator
		{0AD19F94-2C75-4E8D-BBDC-81B67C5CF316}.AppStore|Any CPU.ActiveCfg = AppStore|iPhone
		{0AD19F94-2C75-4E8D-BBDC-81B67C5CF316}.AppStore|Any CPU.Build.0 = AppStore|iPhone
		{0AD19F94-2C75-4E8D-BBDC-81B67C5CF316}.AppStore|Any CPU.Deploy.0 = AppStore|iPhone
		{0AD19F94-2C75-4E8D-BBDC-81B67C5CF316}.AppStore|iPhone.ActiveCfg = AppStore|iPhone
		{0AD19F94-2C75-4E8D-BBDC-81B67C5CF316}.AppStore|iPhone.Build.0 = AppStore|iPhone
		{0AD19F94-2C75-4E8D-BBDC-81B67C5CF316}.AppStore|iPhone.Deploy.0 = AppStore|iPhone
		{0AD19F94-2C75-4E8D-BBDC-81B67C5CF316}.AppStore|iPhoneSimulator.ActiveCfg = AppStore|iPhoneSimulator
		{0AD19F94-2C75-4E8D-BBDC-81B67C5CF316}.AppStore|iPhoneSimulator.Build.0 = AppStore|iPhoneSimulator
		{0AD19F94-2C75-4E8D-BBDC-81B67C5CF316}.AppStore|iPhoneSimulator.Deploy.0 = AppStore|iPhoneSimulator
		{0AD19F94-2C75-4E8D-BBDC-81B67C5CF316}.Debug|Any CPU.ActiveCfg = Debug|iPhoneSimulator
		{0AD19F94-2C75-4E8D-BBDC-81B67C5CF316}.Debug|Any CPU.Build.0 = Debug|iPhoneSimulator
		{0AD19F94-2C75-4E8D-BBDC-81B67C5CF316}.Debug|Any CPU.Deploy.0 = Debug|iPhoneSimulator
		{0AD19F94-2C75-4E8D-BBDC-81B67C5CF316}.Debug|iPhone.ActiveCfg = Debug|iPhone
		{0AD19F94-2C75-4E8D-BBDC-81B67C5CF316}.Debug|iPhone.Build.0 = Debug|iPhone
		{0AD19F94-2C75-4E8D-BBDC-81B67C5CF316}.Debug|iPhone.Deploy.0 = Debug|iPhone
		{0AD19F94-2C75-4E8D-BBDC-81B67C5CF316}.Debug|iPhoneSimulator.ActiveCfg = Debug|iPhoneSimulator
		{0AD19F94-2C75-4E8D-BBDC-81B67C5CF316}.Debug|iPhoneSimulator.Build.0 = Debug|iPhoneSimulator
		{0AD19F94-2C75-4E8D-BBDC-81B67C5CF316}.Debug|iPhoneSimulator.Deploy.0 = Debug|iPhoneSimulator
		{0AD19F94-2C75-4E8D-BBDC-81B67C5CF316}.Release|Any CPU.ActiveCfg = Release|iPhone
		{0AD19F94-2C75-4E8D-BBDC-81B67C5CF316}.Release|Any CPU.Build.0 = Release|iPhone
		{0AD19F94-2C75-4E8D-BBDC-81B67C5CF316}.Release|Any CPU.Deploy.0 = Release|iPhone
		{0AD19F94-2C75-4E8D-BBDC-81B67C5CF316}.Release|iPhone.ActiveCfg = Release|iPhone
		{0AD19F94-2C75-4E8D-BBDC-81B67C5CF316}.Release|iPhone.Build.0 = Release|iPhone
		{0AD19F94-2C75-4E8D-BBDC-81B67C5CF316}.Release|iPhone.Deploy.0 = Release|iPhone
		{0AD19F94-2C75-4E8D-BBDC-81B67C5CF316}.Release|iPhoneSimulator.ActiveCfg = Release|iPhoneSimulator
		{0AD19F94-2C75-4E8D-BBDC-81B67C5CF316}.Release|iPhoneSimulator.Build.0 = Release|iPhoneSimulator
		{0AD19F94-2C75-4E8D-BBDC-81B67C5CF316}.Release|iPhoneSimulator.Deploy.0 = Release|iPhoneSimulator
		{301AC056-B879-402F-A840-DF3EFE2F1D56}.Ad-Hoc|Any CPU.ActiveCfg = Debug|Any CPU
		{301AC056-B879-402F-A840-DF3EFE2F1D56}.Ad-Hoc|Any CPU.Build.0 = Debug|Any CPU
		{301AC056-B879-402F-A840-DF3EFE2F1D56}.Ad-Hoc|Any CPU.Deploy.0 = Debug|Any CPU
		{301AC056-B879-402F-A840-DF3EFE2F1D56}.Ad-Hoc|iPhone.ActiveCfg = Debug|Any CPU
		{301AC056-B879-402F-A840-DF3EFE2F1D56}.Ad-Hoc|iPhone.Build.0 = Debug|Any CPU
		{301AC056-B879-402F-A840-DF3EFE2F1D56}.Ad-Hoc|iPhone.Deploy.0 = Debug|Any CPU
		{301AC056-B879-402F-A840-DF3EFE2F1D56}.Ad-Hoc|iPhoneSimulator.ActiveCfg = Debug|Any CPU
		{301AC056-B879-402F-A840-DF3EFE2F1D56}.Ad-Hoc|iPhoneSimulator.Build.0 = Debug|Any CPU
		{301AC056-B879-402F-A840-DF3EFE2F1D56}.Ad-Hoc|iPhoneSimulator.Deploy.0 = Debug|Any CPU
		{301AC056-B879-402F-A840-DF3EFE2F1D56}.AppStore|Any CPU.ActiveCfg = Debug|Any CPU
		{301AC056-B879-402F-A840-DF3EFE2F1D56}.AppStore|Any CPU.Build.0 = Debug|Any CPU
		{301AC056-B879-402F-A840-DF3EFE2F1D56}.AppStore|Any CPU.Deploy.0 = Debug|Any CPU
		{301AC056-B879-402F-A840-DF3EFE2F1D56}.AppStore|iPhone.ActiveCfg = Debug|Any CPU
		{301AC056-B879-402F-A840-DF3EFE2F1D56}.AppStore|iPhone.Build.0 = Debug|Any CPU
		{301AC056-B879-402F-A840-DF3EFE2F1D56}.AppStore|iPhone.Deploy.0 = Debug|Any CPU
		{301AC056-B879-402F-A840-DF3EFE2F1D56}.AppStore|iPhoneSimulator.ActiveCfg = Debug|Any CPU
		{301AC056-B879-402F-A840-DF3EFE2F1D56}.AppStore|iPhoneSimulator.Build.0 = Debug|Any CPU
		{301AC056-B879-402F-A840-DF3EFE2F1D56}.AppStore|iPhoneSimulator.Deploy.0 = Debug|Any CPU
		{301AC056-B879-402F-A840-DF3EFE2F1D56}.Debug|Any CPU.ActiveCfg = Debug|Any CPU
		{301AC056-B879-402F-A840-DF3EFE2F1D56}.Debug|Any CPU.Build.0 = Debug|Any CPU
		{301AC056-B879-402F-A840-DF3EFE2F1D56}.Debug|Any CPU.Deploy.0 = Debug|Any CPU
		{301AC056-B879-402F-A840-DF3EFE2F1D56}.Debug|iPhone.ActiveCfg = Debug|Any CPU
		{301AC056-B879-402F-A840-DF3EFE2F1D56}.Debug|iPhone.Build.0 = Debug|Any CPU
		{301AC056-B879-402F-A840-DF3EFE2F1D56}.Debug|iPhone.Deploy.0 = Debug|Any CPU
		{301AC056-B879-402F-A840-DF3EFE2F1D56}.Debug|iPhoneSimulator.ActiveCfg = Debug|Any CPU
		{301AC056-B879-402F-A840-DF3EFE2F1D56}.Debug|iPhoneSimulator.Build.0 = Debug|Any CPU
		{301AC056-B879-402F-A840-DF3EFE2F1D56}.Debug|iPhoneSimulator.Deploy.0 = Debug|Any CPU
		{301AC056-B879-402F-A840-DF3EFE2F1D56}.Release|Any CPU.ActiveCfg = Release|Any CPU
		{301AC056-B879-402F-A840-DF3EFE2F1D56}.Release|Any CPU.Build.0 = Release|Any CPU
		{301AC056-B879-402F-A840-DF3EFE2F1D56}.Release|Any CPU.Deploy.0 = Release|Any CPU
		{301AC056-B879-402F-A840-DF3EFE2F1D56}.Release|iPhone.ActiveCfg = Release|Any CPU
		{301AC056-B879-402F-A840-DF3EFE2F1D56}.Release|iPhone.Build.0 = Release|Any CPU
		{301AC056-B879-402F-A840-DF3EFE2F1D56}.Release|iPhone.Deploy.0 = Release|Any CPU
		{301AC056-B879-402F-A840-DF3EFE2F1D56}.Release|iPhoneSimulator.ActiveCfg = Release|Any CPU
		{301AC056-B879-402F-A840-DF3EFE2F1D56}.Release|iPhoneSimulator.Build.0 = Release|Any CPU
		{301AC056-B879-402F-A840-DF3EFE2F1D56}.Release|iPhoneSimulator.Deploy.0 = Release|Any CPU
	EndGlobalSection
	GlobalSection(SolutionProperties) = preSolution
		HideSolutionNode = FALSE
	EndGlobalSection
	GlobalSection(ExtensibilityGlobals) = postSolution
		SolutionGuid = {9840E5E0-A849-41E7-BE3B-79E86DF2791C}
	EndGlobalSection
EndGlobal
