
Microsoft Visual Studio Solution File, Format Version 12.00
# Visual Studio 15
VisualStudioVersion = 15.0.26430.15
MinimumVisualStudioVersion = 10.0.40219.1
Project("{FAE04EC0-301F-11D3-BF4B-00C04F79EFBC}") = "XF.ControlesBasicos.Android", "XF.ControlesBasicos\XF.ControlesBasicos.Android\XF.ControlesBasicos.Android.csproj", "{86619EB5-ADF9-4ACE-B3F6-B51FDD3F95A0}"
EndProject
Project("{FAE04EC0-301F-11D3-BF4B-00C04F79EFBC}") = "XF.ControlesBasicos", "XF.ControlesBasicos\XF.ControlesBasicos\XF.ControlesBasicos.csproj", "{458F68B0-C136-4B18-AA57-658F183A5352}"
EndProject
Project("{FAE04EC0-301F-11D3-BF4B-00C04F79EFBC}") = "XF.ControlesBasicos.UWP", "XF.ControlesBasicos\XF.ControlesBasicos.UWP\XF.ControlesBasicos.UWP.csproj", "{7DDCF7DE-3983-413E-B4DE-12F650CF32D2}"
EndProject
Project("{FAE04EC0-301F-11D3-BF4B-00C04F79EFBC}") = "XF.ControlesBasicos.iOS", "XF.ControlesBasicos\XF.ControlesBasicos.iOS\XF.ControlesBasicos.iOS.csproj", "{4870546D-83DE-47A7-8F1D-893BCBB5CC98}"
EndProject
Global
	GlobalSection(SolutionConfigurationPlatforms) = preSolution
		Ad-Hoc|Any CPU = Ad-Hoc|Any CPU
		Ad-Hoc|ARM = Ad-Hoc|ARM
		Ad-Hoc|iPhone = Ad-Hoc|iPhone
		Ad-Hoc|iPhoneSimulator = Ad-Hoc|iPhoneSimulator
		Ad-Hoc|x64 = Ad-Hoc|x64
		Ad-Hoc|x86 = Ad-Hoc|x86
		AppStore|Any CPU = AppStore|Any CPU
		AppStore|ARM = AppStore|ARM
		AppStore|iPhone = AppStore|iPhone
		AppStore|iPhoneSimulator = AppStore|iPhoneSimulator
		AppStore|x64 = AppStore|x64
		AppStore|x86 = AppStore|x86
		Debug|Any CPU = Debug|Any CPU
		Debug|ARM = Debug|ARM
		Debug|iPhone = Debug|iPhone
		Debug|iPhoneSimulator = Debug|iPhoneSimulator
		Debug|x64 = Debug|x64
		Debug|x86 = Debug|x86
		Release|Any CPU = Release|Any CPU
		Release|ARM = Release|ARM
		Release|iPhone = Release|iPhone
		Release|iPhoneSimulator = Release|iPhoneSimulator
		Release|x64 = Release|x64
		Release|x86 = Release|x86
	EndGlobalSection
	GlobalSection(ProjectConfigurationPlatforms) = postSolution
		{86619EB5-ADF9-4ACE-B3F6-B51FDD3F95A0}.Ad-Hoc|Any CPU.ActiveCfg = Release|Any CPU
		{86619EB5-ADF9-4ACE-B3F6-B51FDD3F95A0}.Ad-Hoc|Any CPU.Build.0 = Release|Any CPU
		{86619EB5-ADF9-4ACE-B3F6-B51FDD3F95A0}.Ad-Hoc|Any CPU.Deploy.0 = Release|Any CPU
		{86619EB5-ADF9-4ACE-B3F6-B51FDD3F95A0}.Ad-Hoc|ARM.ActiveCfg = Release|Any CPU
		{86619EB5-ADF9-4ACE-B3F6-B51FDD3F95A0}.Ad-Hoc|ARM.Build.0 = Release|Any CPU
		{86619EB5-ADF9-4ACE-B3F6-B51FDD3F95A0}.Ad-Hoc|ARM.Deploy.0 = Release|Any CPU
		{86619EB5-ADF9-4ACE-B3F6-B51FDD3F95A0}.Ad-Hoc|iPhone.ActiveCfg = Release|Any CPU
		{86619EB5-ADF9-4ACE-B3F6-B51FDD3F95A0}.Ad-Hoc|iPhone.Build.0 = Release|Any CPU
		{86619EB5-ADF9-4ACE-B3F6-B51FDD3F95A0}.Ad-Hoc|iPhone.Deploy.0 = Release|Any CPU
		{86619EB5-ADF9-4ACE-B3F6-B51FDD3F95A0}.Ad-Hoc|iPhoneSimulator.ActiveCfg = Release|Any CPU
		{86619EB5-ADF9-4ACE-B3F6-B51FDD3F95A0}.Ad-Hoc|iPhoneSimulator.Build.0 = Release|Any CPU
		{86619EB5-ADF9-4ACE-B3F6-B51FDD3F95A0}.Ad-Hoc|iPhoneSimulator.Deploy.0 = Release|Any CPU
		{86619EB5-ADF9-4ACE-B3F6-B51FDD3F95A0}.Ad-Hoc|x64.ActiveCfg = Release|Any CPU
		{86619EB5-ADF9-4ACE-B3F6-B51FDD3F95A0}.Ad-Hoc|x64.Build.0 = Release|Any CPU
		{86619EB5-ADF9-4ACE-B3F6-B51FDD3F95A0}.Ad-Hoc|x64.Deploy.0 = Release|Any CPU
		{86619EB5-ADF9-4ACE-B3F6-B51FDD3F95A0}.Ad-Hoc|x86.ActiveCfg = Release|Any CPU
		{86619EB5-ADF9-4ACE-B3F6-B51FDD3F95A0}.Ad-Hoc|x86.Build.0 = Release|Any CPU
		{86619EB5-ADF9-4ACE-B3F6-B51FDD3F95A0}.Ad-Hoc|x86.Deploy.0 = Release|Any CPU
		{86619EB5-ADF9-4ACE-B3F6-B51FDD3F95A0}.AppStore|Any CPU.ActiveCfg = Release|Any CPU
		{86619EB5-ADF9-4ACE-B3F6-B51FDD3F95A0}.AppStore|Any CPU.Build.0 = Release|Any CPU
		{86619EB5-ADF9-4ACE-B3F6-B51FDD3F95A0}.AppStore|Any CPU.Deploy.0 = Release|Any CPU
		{86619EB5-ADF9-4ACE-B3F6-B51FDD3F95A0}.AppStore|ARM.ActiveCfg = Release|Any CPU
		{86619EB5-ADF9-4ACE-B3F6-B51FDD3F95A0}.AppStore|ARM.Build.0 = Release|Any CPU
		{86619EB5-ADF9-4ACE-B3F6-B51FDD3F95A0}.AppStore|ARM.Deploy.0 = Release|Any CPU
		{86619EB5-ADF9-4ACE-B3F6-B51FDD3F95A0}.AppStore|iPhone.ActiveCfg = Release|Any CPU
		{86619EB5-ADF9-4ACE-B3F6-B51FDD3F95A0}.AppStore|iPhone.Build.0 = Release|Any CPU
		{86619EB5-ADF9-4ACE-B3F6-B51FDD3F95A0}.AppStore|iPhone.Deploy.0 = Release|Any CPU
		{86619EB5-ADF9-4ACE-B3F6-B51FDD3F95A0}.AppStore|iPhoneSimulator.ActiveCfg = Release|Any CPU
		{86619EB5-ADF9-4ACE-B3F6-B51FDD3F95A0}.AppStore|iPhoneSimulator.Build.0 = Release|Any CPU
		{86619EB5-ADF9-4ACE-B3F6-B51FDD3F95A0}.AppStore|iPhoneSimulator.Deploy.0 = Release|Any CPU
		{86619EB5-ADF9-4ACE-B3F6-B51FDD3F95A0}.AppStore|x64.ActiveCfg = Release|Any CPU
		{86619EB5-ADF9-4ACE-B3F6-B51FDD3F95A0}.AppStore|x64.Build.0 = Release|Any CPU
		{86619EB5-ADF9-4ACE-B3F6-B51FDD3F95A0}.AppStore|x64.Deploy.0 = Release|Any CPU
		{86619EB5-ADF9-4ACE-B3F6-B51FDD3F95A0}.AppStore|x86.ActiveCfg = Release|Any CPU
		{86619EB5-ADF9-4ACE-B3F6-B51FDD3F95A0}.AppStore|x86.Build.0 = Release|Any CPU
		{86619EB5-ADF9-4ACE-B3F6-B51FDD3F95A0}.AppStore|x86.Deploy.0 = Release|Any CPU
		{86619EB5-ADF9-4ACE-B3F6-B51FDD3F95A0}.Debug|Any CPU.ActiveCfg = Debug|Any CPU
		{86619EB5-ADF9-4ACE-B3F6-B51FDD3F95A0}.Debug|Any CPU.Build.0 = Debug|Any CPU
		{86619EB5-ADF9-4ACE-B3F6-B51FDD3F95A0}.Debug|Any CPU.Deploy.0 = Debug|Any CPU
		{86619EB5-ADF9-4ACE-B3F6-B51FDD3F95A0}.Debug|ARM.ActiveCfg = Debug|Any CPU
		{86619EB5-ADF9-4ACE-B3F6-B51FDD3F95A0}.Debug|ARM.Build.0 = Debug|Any CPU
		{86619EB5-ADF9-4ACE-B3F6-B51FDD3F95A0}.Debug|ARM.Deploy.0 = Debug|Any CPU
		{86619EB5-ADF9-4ACE-B3F6-B51FDD3F95A0}.Debug|iPhone.ActiveCfg = Debug|Any CPU
		{86619EB5-ADF9-4ACE-B3F6-B51FDD3F95A0}.Debug|iPhone.Build.0 = Debug|Any CPU
		{86619EB5-ADF9-4ACE-B3F6-B51FDD3F95A0}.Debug|iPhone.Deploy.0 = Debug|Any CPU
		{86619EB5-ADF9-4ACE-B3F6-B51FDD3F95A0}.Debug|iPhoneSimulator.ActiveCfg = Debug|Any CPU
		{86619EB5-ADF9-4ACE-B3F6-B51FDD3F95A0}.Debug|iPhoneSimulator.Build.0 = Debug|Any CPU
		{86619EB5-ADF9-4ACE-B3F6-B51FDD3F95A0}.Debug|iPhoneSimulator.Deploy.0 = Debug|Any CPU
		{86619EB5-ADF9-4ACE-B3F6-B51FDD3F95A0}.Debug|x64.ActiveCfg = Debug|Any CPU
		{86619EB5-ADF9-4ACE-B3F6-B51FDD3F95A0}.Debug|x64.Build.0 = Debug|Any CPU
		{86619EB5-ADF9-4ACE-B3F6-B51FDD3F95A0}.Debug|x64.Deploy.0 = Debug|Any CPU
		{86619EB5-ADF9-4ACE-B3F6-B51FDD3F95A0}.Debug|x86.ActiveCfg = Debug|Any CPU
		{86619EB5-ADF9-4ACE-B3F6-B51FDD3F95A0}.Debug|x86.Build.0 = Debug|Any CPU
		{86619EB5-ADF9-4ACE-B3F6-B51FDD3F95A0}.Debug|x86.Deploy.0 = Debug|Any CPU
		{86619EB5-ADF9-4ACE-B3F6-B51FDD3F95A0}.Release|Any CPU.ActiveCfg = Release|Any CPU
		{86619EB5-ADF9-4ACE-B3F6-B51FDD3F95A0}.Release|Any CPU.Build.0 = Release|Any CPU
		{86619EB5-ADF9-4ACE-B3F6-B51FDD3F95A0}.Release|Any CPU.Deploy.0 = Release|Any CPU
		{86619EB5-ADF9-4ACE-B3F6-B51FDD3F95A0}.Release|ARM.ActiveCfg = Release|Any CPU
		{86619EB5-ADF9-4ACE-B3F6-B51FDD3F95A0}.Release|ARM.Build.0 = Release|Any CPU
		{86619EB5-ADF9-4ACE-B3F6-B51FDD3F95A0}.Release|ARM.Deploy.0 = Release|Any CPU
		{86619EB5-ADF9-4ACE-B3F6-B51FDD3F95A0}.Release|iPhone.ActiveCfg = Release|Any CPU
		{86619EB5-ADF9-4ACE-B3F6-B51FDD3F95A0}.Release|iPhone.Build.0 = Release|Any CPU
		{86619EB5-ADF9-4ACE-B3F6-B51FDD3F95A0}.Release|iPhone.Deploy.0 = Release|Any CPU
		{86619EB5-ADF9-4ACE-B3F6-B51FDD3F95A0}.Release|iPhoneSimulator.ActiveCfg = Release|Any CPU
		{86619EB5-ADF9-4ACE-B3F6-B51FDD3F95A0}.Release|iPhoneSimulator.Build.0 = Release|Any CPU
		{86619EB5-ADF9-4ACE-B3F6-B51FDD3F95A0}.Release|iPhoneSimulator.Deploy.0 = Release|Any CPU
		{86619EB5-ADF9-4ACE-B3F6-B51FDD3F95A0}.Release|x64.ActiveCfg = Release|Any CPU
		{86619EB5-ADF9-4ACE-B3F6-B51FDD3F95A0}.Release|x64.Build.0 = Release|Any CPU
		{86619EB5-ADF9-4ACE-B3F6-B51FDD3F95A0}.Release|x64.Deploy.0 = Release|Any CPU
		{86619EB5-ADF9-4ACE-B3F6-B51FDD3F95A0}.Release|x86.ActiveCfg = Release|Any CPU
		{86619EB5-ADF9-4ACE-B3F6-B51FDD3F95A0}.Release|x86.Build.0 = Release|Any CPU
		{86619EB5-ADF9-4ACE-B3F6-B51FDD3F95A0}.Release|x86.Deploy.0 = Release|Any CPU
		{458F68B0-C136-4B18-AA57-658F183A5352}.Ad-Hoc|Any CPU.ActiveCfg = Release|Any CPU
		{458F68B0-C136-4B18-AA57-658F183A5352}.Ad-Hoc|Any CPU.Build.0 = Release|Any CPU
		{458F68B0-C136-4B18-AA57-658F183A5352}.Ad-Hoc|ARM.ActiveCfg = Release|Any CPU
		{458F68B0-C136-4B18-AA57-658F183A5352}.Ad-Hoc|ARM.Build.0 = Release|Any CPU
		{458F68B0-C136-4B18-AA57-658F183A5352}.Ad-Hoc|iPhone.ActiveCfg = Release|Any CPU
		{458F68B0-C136-4B18-AA57-658F183A5352}.Ad-Hoc|iPhone.Build.0 = Release|Any CPU
		{458F68B0-C136-4B18-AA57-658F183A5352}.Ad-Hoc|iPhoneSimulator.ActiveCfg = Release|Any CPU
		{458F68B0-C136-4B18-AA57-658F183A5352}.Ad-Hoc|iPhoneSimulator.Build.0 = Release|Any CPU
		{458F68B0-C136-4B18-AA57-658F183A5352}.Ad-Hoc|x64.ActiveCfg = Release|Any CPU
		{458F68B0-C136-4B18-AA57-658F183A5352}.Ad-Hoc|x64.Build.0 = Release|Any CPU
		{458F68B0-C136-4B18-AA57-658F183A5352}.Ad-Hoc|x86.ActiveCfg = Release|Any CPU
		{458F68B0-C136-4B18-AA57-658F183A5352}.Ad-Hoc|x86.Build.0 = Release|Any CPU
		{458F68B0-C136-4B18-AA57-658F183A5352}.AppStore|Any CPU.ActiveCfg = Release|Any CPU
		{458F68B0-C136-4B18-AA57-658F183A5352}.AppStore|Any CPU.Build.0 = Release|Any CPU
		{458F68B0-C136-4B18-AA57-658F183A5352}.AppStore|ARM.ActiveCfg = Release|Any CPU
		{458F68B0-C136-4B18-AA57-658F183A5352}.AppStore|ARM.Build.0 = Release|Any CPU
		{458F68B0-C136-4B18-AA57-658F183A5352}.AppStore|iPhone.ActiveCfg = Release|Any CPU
		{458F68B0-C136-4B18-AA57-658F183A5352}.AppStore|iPhone.Build.0 = Release|Any CPU
		{458F68B0-C136-4B18-AA57-658F183A5352}.AppStore|iPhoneSimulator.ActiveCfg = Release|Any CPU
		{458F68B0-C136-4B18-AA57-658F183A5352}.AppStore|iPhoneSimulator.Build.0 = Release|Any CPU
		{458F68B0-C136-4B18-AA57-658F183A5352}.AppStore|x64.ActiveCfg = Release|Any CPU
		{458F68B0-C136-4B18-AA57-658F183A5352}.AppStore|x64.Build.0 = Release|Any CPU
		{458F68B0-C136-4B18-AA57-658F183A5352}.AppStore|x86.ActiveCfg = Release|Any CPU
		{458F68B0-C136-4B18-AA57-658F183A5352}.AppStore|x86.Build.0 = Release|Any CPU
		{458F68B0-C136-4B18-AA57-658F183A5352}.Debug|Any CPU.ActiveCfg = Debug|Any CPU
		{458F68B0-C136-4B18-AA57-658F183A5352}.Debug|Any CPU.Build.0 = Debug|Any CPU
		{458F68B0-C136-4B18-AA57-658F183A5352}.Debug|ARM.ActiveCfg = Debug|Any CPU
		{458F68B0-C136-4B18-AA57-658F183A5352}.Debug|ARM.Build.0 = Debug|Any CPU
		{458F68B0-C136-4B18-AA57-658F183A5352}.Debug|iPhone.ActiveCfg = Debug|Any CPU
		{458F68B0-C136-4B18-AA57-658F183A5352}.Debug|iPhone.Build.0 = Debug|Any CPU
		{458F68B0-C136-4B18-AA57-658F183A5352}.Debug|iPhoneSimulator.ActiveCfg = Debug|Any CPU
		{458F68B0-C136-4B18-AA57-658F183A5352}.Debug|iPhoneSimulator.Build.0 = Debug|Any CPU
		{458F68B0-C136-4B18-AA57-658F183A5352}.Debug|x64.ActiveCfg = Debug|Any CPU
		{458F68B0-C136-4B18-AA57-658F183A5352}.Debug|x64.Build.0 = Debug|Any CPU
		{458F68B0-C136-4B18-AA57-658F183A5352}.Debug|x86.ActiveCfg = Debug|Any CPU
		{458F68B0-C136-4B18-AA57-658F183A5352}.Debug|x86.Build.0 = Debug|Any CPU
		{458F68B0-C136-4B18-AA57-658F183A5352}.Release|Any CPU.ActiveCfg = Release|Any CPU
		{458F68B0-C136-4B18-AA57-658F183A5352}.Release|Any CPU.Build.0 = Release|Any CPU
		{458F68B0-C136-4B18-AA57-658F183A5352}.Release|ARM.ActiveCfg = Release|Any CPU
		{458F68B0-C136-4B18-AA57-658F183A5352}.Release|ARM.Build.0 = Release|Any CPU
		{458F68B0-C136-4B18-AA57-658F183A5352}.Release|iPhone.ActiveCfg = Release|Any CPU
		{458F68B0-C136-4B18-AA57-658F183A5352}.Release|iPhone.Build.0 = Release|Any CPU
		{458F68B0-C136-4B18-AA57-658F183A5352}.Release|iPhoneSimulator.ActiveCfg = Release|Any CPU
		{458F68B0-C136-4B18-AA57-658F183A5352}.Release|iPhoneSimulator.Build.0 = Release|Any CPU
		{458F68B0-C136-4B18-AA57-658F183A5352}.Release|x64.ActiveCfg = Release|Any CPU
		{458F68B0-C136-4B18-AA57-658F183A5352}.Release|x64.Build.0 = Release|Any CPU
		{458F68B0-C136-4B18-AA57-658F183A5352}.Release|x86.ActiveCfg = Release|Any CPU
		{458F68B0-C136-4B18-AA57-658F183A5352}.Release|x86.Build.0 = Release|Any CPU
		{7DDCF7DE-3983-413E-B4DE-12F650CF32D2}.Ad-Hoc|Any CPU.ActiveCfg = Release|x86
		{7DDCF7DE-3983-413E-B4DE-12F650CF32D2}.Ad-Hoc|Any CPU.Build.0 = Release|x86
		{7DDCF7DE-3983-413E-B4DE-12F650CF32D2}.Ad-Hoc|Any CPU.Deploy.0 = Release|x86
		{7DDCF7DE-3983-413E-B4DE-12F650CF32D2}.Ad-Hoc|ARM.ActiveCfg = Release|ARM
		{7DDCF7DE-3983-413E-B4DE-12F650CF32D2}.Ad-Hoc|ARM.Build.0 = Release|ARM
		{7DDCF7DE-3983-413E-B4DE-12F650CF32D2}.Ad-Hoc|ARM.Deploy.0 = Release|ARM
		{7DDCF7DE-3983-413E-B4DE-12F650CF32D2}.Ad-Hoc|iPhone.ActiveCfg = Release|x86
		{7DDCF7DE-3983-413E-B4DE-12F650CF32D2}.Ad-Hoc|iPhone.Build.0 = Release|x86
		{7DDCF7DE-3983-413E-B4DE-12F650CF32D2}.Ad-Hoc|iPhone.Deploy.0 = Release|x86
		{7DDCF7DE-3983-413E-B4DE-12F650CF32D2}.Ad-Hoc|iPhoneSimulator.ActiveCfg = Release|x86
		{7DDCF7DE-3983-413E-B4DE-12F650CF32D2}.Ad-Hoc|iPhoneSimulator.Build.0 = Release|x86
		{7DDCF7DE-3983-413E-B4DE-12F650CF32D2}.Ad-Hoc|iPhoneSimulator.Deploy.0 = Release|x86
		{7DDCF7DE-3983-413E-B4DE-12F650CF32D2}.Ad-Hoc|x64.ActiveCfg = Release|x64
		{7DDCF7DE-3983-413E-B4DE-12F650CF32D2}.Ad-Hoc|x64.Build.0 = Release|x64
		{7DDCF7DE-3983-413E-B4DE-12F650CF32D2}.Ad-Hoc|x64.Deploy.0 = Release|x64
		{7DDCF7DE-3983-413E-B4DE-12F650CF32D2}.Ad-Hoc|x86.ActiveCfg = Release|x86
		{7DDCF7DE-3983-413E-B4DE-12F650CF32D2}.Ad-Hoc|x86.Build.0 = Release|x86
		{7DDCF7DE-3983-413E-B4DE-12F650CF32D2}.Ad-Hoc|x86.Deploy.0 = Release|x86
		{7DDCF7DE-3983-413E-B4DE-12F650CF32D2}.AppStore|Any CPU.ActiveCfg = Release|x86
		{7DDCF7DE-3983-413E-B4DE-12F650CF32D2}.AppStore|Any CPU.Build.0 = Release|x86
		{7DDCF7DE-3983-413E-B4DE-12F650CF32D2}.AppStore|Any CPU.Deploy.0 = Release|x86
		{7DDCF7DE-3983-413E-B4DE-12F650CF32D2}.AppStore|ARM.ActiveCfg = Release|ARM
		{7DDCF7DE-3983-413E-B4DE-12F650CF32D2}.AppStore|ARM.Build.0 = Release|ARM
		{7DDCF7DE-3983-413E-B4DE-12F650CF32D2}.AppStore|ARM.Deploy.0 = Release|ARM
		{7DDCF7DE-3983-413E-B4DE-12F650CF32D2}.AppStore|iPhone.ActiveCfg = Release|x86
		{7DDCF7DE-3983-413E-B4DE-12F650CF32D2}.AppStore|iPhone.Build.0 = Release|x86
		{7DDCF7DE-3983-413E-B4DE-12F650CF32D2}.AppStore|iPhone.Deploy.0 = Release|x86
		{7DDCF7DE-3983-413E-B4DE-12F650CF32D2}.AppStore|iPhoneSimulator.ActiveCfg = Release|x86
		{7DDCF7DE-3983-413E-B4DE-12F650CF32D2}.AppStore|iPhoneSimulator.Build.0 = Release|x86
		{7DDCF7DE-3983-413E-B4DE-12F650CF32D2}.AppStore|iPhoneSimulator.Deploy.0 = Release|x86
		{7DDCF7DE-3983-413E-B4DE-12F650CF32D2}.AppStore|x64.ActiveCfg = Release|x64
		{7DDCF7DE-3983-413E-B4DE-12F650CF32D2}.AppStore|x64.Build.0 = Release|x64
		{7DDCF7DE-3983-413E-B4DE-12F650CF32D2}.AppStore|x64.Deploy.0 = Release|x64
		{7DDCF7DE-3983-413E-B4DE-12F650CF32D2}.AppStore|x86.ActiveCfg = Release|x86
		{7DDCF7DE-3983-413E-B4DE-12F650CF32D2}.AppStore|x86.Build.0 = Release|x86
		{7DDCF7DE-3983-413E-B4DE-12F650CF32D2}.AppStore|x86.Deploy.0 = Release|x86
		{7DDCF7DE-3983-413E-B4DE-12F650CF32D2}.Debug|Any CPU.ActiveCfg = Debug|x86
		{7DDCF7DE-3983-413E-B4DE-12F650CF32D2}.Debug|ARM.ActiveCfg = Debug|ARM
		{7DDCF7DE-3983-413E-B4DE-12F650CF32D2}.Debug|ARM.Build.0 = Debug|ARM
		{7DDCF7DE-3983-413E-B4DE-12F650CF32D2}.Debug|ARM.Deploy.0 = Debug|ARM
		{7DDCF7DE-3983-413E-B4DE-12F650CF32D2}.Debug|iPhone.ActiveCfg = Debug|x86
		{7DDCF7DE-3983-413E-B4DE-12F650CF32D2}.Debug|iPhoneSimulator.ActiveCfg = Debug|x86
		{7DDCF7DE-3983-413E-B4DE-12F650CF32D2}.Debug|x64.ActiveCfg = Debug|x64
		{7DDCF7DE-3983-413E-B4DE-12F650CF32D2}.Debug|x64.Build.0 = Debug|x64
		{7DDCF7DE-3983-413E-B4DE-12F650CF32D2}.Debug|x64.Deploy.0 = Debug|x64
		{7DDCF7DE-3983-413E-B4DE-12F650CF32D2}.Debug|x86.ActiveCfg = Debug|x86
		{7DDCF7DE-3983-413E-B4DE-12F650CF32D2}.Debug|x86.Build.0 = Debug|x86
		{7DDCF7DE-3983-413E-B4DE-12F650CF32D2}.Debug|x86.Deploy.0 = Debug|x86
		{7DDCF7DE-3983-413E-B4DE-12F650CF32D2}.Release|Any CPU.ActiveCfg = Release|x86
		{7DDCF7DE-3983-413E-B4DE-12F650CF32D2}.Release|ARM.ActiveCfg = Release|ARM
		{7DDCF7DE-3983-413E-B4DE-12F650CF32D2}.Release|ARM.Build.0 = Release|ARM
		{7DDCF7DE-3983-413E-B4DE-12F650CF32D2}.Release|ARM.Deploy.0 = Release|ARM
		{7DDCF7DE-3983-413E-B4DE-12F650CF32D2}.Release|iPhone.ActiveCfg = Release|x86
		{7DDCF7DE-3983-413E-B4DE-12F650CF32D2}.Release|iPhoneSimulator.ActiveCfg = Release|x86
		{7DDCF7DE-3983-413E-B4DE-12F650CF32D2}.Release|x64.ActiveCfg = Release|x64
		{7DDCF7DE-3983-413E-B4DE-12F650CF32D2}.Release|x64.Build.0 = Release|x64
		{7DDCF7DE-3983-413E-B4DE-12F650CF32D2}.Release|x64.Deploy.0 = Release|x64
		{7DDCF7DE-3983-413E-B4DE-12F650CF32D2}.Release|x86.ActiveCfg = Release|x86
		{7DDCF7DE-3983-413E-B4DE-12F650CF32D2}.Release|x86.Build.0 = Release|x86
		{7DDCF7DE-3983-413E-B4DE-12F650CF32D2}.Release|x86.Deploy.0 = Release|x86
		{4870546D-83DE-47A7-8F1D-893BCBB5CC98}.Ad-Hoc|Any CPU.ActiveCfg = Ad-Hoc|iPhone
		{4870546D-83DE-47A7-8F1D-893BCBB5CC98}.Ad-Hoc|ARM.ActiveCfg = Ad-Hoc|iPhone
		{4870546D-83DE-47A7-8F1D-893BCBB5CC98}.Ad-Hoc|iPhone.ActiveCfg = Ad-Hoc|iPhone
		{4870546D-83DE-47A7-8F1D-893BCBB5CC98}.Ad-Hoc|iPhone.Build.0 = Ad-Hoc|iPhone
		{4870546D-83DE-47A7-8F1D-893BCBB5CC98}.Ad-Hoc|iPhoneSimulator.ActiveCfg = Ad-Hoc|iPhoneSimulator
		{4870546D-83DE-47A7-8F1D-893BCBB5CC98}.Ad-Hoc|iPhoneSimulator.Build.0 = Ad-Hoc|iPhoneSimulator
		{4870546D-83DE-47A7-8F1D-893BCBB5CC98}.Ad-Hoc|x64.ActiveCfg = Ad-Hoc|iPhone
		{4870546D-83DE-47A7-8F1D-893BCBB5CC98}.Ad-Hoc|x86.ActiveCfg = Ad-Hoc|iPhone
		{4870546D-83DE-47A7-8F1D-893BCBB5CC98}.AppStore|Any CPU.ActiveCfg = AppStore|iPhone
		{4870546D-83DE-47A7-8F1D-893BCBB5CC98}.AppStore|ARM.ActiveCfg = AppStore|iPhone
		{4870546D-83DE-47A7-8F1D-893BCBB5CC98}.AppStore|iPhone.ActiveCfg = AppStore|iPhone
		{4870546D-83DE-47A7-8F1D-893BCBB5CC98}.AppStore|iPhone.Build.0 = AppStore|iPhone
		{4870546D-83DE-47A7-8F1D-893BCBB5CC98}.AppStore|iPhoneSimulator.ActiveCfg = AppStore|iPhoneSimulator
		{4870546D-83DE-47A7-8F1D-893BCBB5CC98}.AppStore|iPhoneSimulator.Build.0 = AppStore|iPhoneSimulator
		{4870546D-83DE-47A7-8F1D-893BCBB5CC98}.AppStore|x64.ActiveCfg = AppStore|iPhone
		{4870546D-83DE-47A7-8F1D-893BCBB5CC98}.AppStore|x86.ActiveCfg = AppStore|iPhone
		{4870546D-83DE-47A7-8F1D-893BCBB5CC98}.Debug|Any CPU.ActiveCfg = Debug|iPhone
		{4870546D-83DE-47A7-8F1D-893BCBB5CC98}.Debug|ARM.ActiveCfg = Debug|iPhone
		{4870546D-83DE-47A7-8F1D-893BCBB5CC98}.Debug|iPhone.ActiveCfg = Debug|iPhone
		{4870546D-83DE-47A7-8F1D-893BCBB5CC98}.Debug|iPhone.Build.0 = Debug|iPhone
		{4870546D-83DE-47A7-8F1D-893BCBB5CC98}.Debug|iPhoneSimulator.ActiveCfg = Debug|iPhoneSimulator
		{4870546D-83DE-47A7-8F1D-893BCBB5CC98}.Debug|iPhoneSimulator.Build.0 = Debug|iPhoneSimulator
		{4870546D-83DE-47A7-8F1D-893BCBB5CC98}.Debug|x64.ActiveCfg = Debug|iPhone
		{4870546D-83DE-47A7-8F1D-893BCBB5CC98}.Debug|x86.ActiveCfg = Debug|iPhone
		{4870546D-83DE-47A7-8F1D-893BCBB5CC98}.Release|Any CPU.ActiveCfg = Release|iPhone
		{4870546D-83DE-47A7-8F1D-893BCBB5CC98}.Release|ARM.ActiveCfg = Release|iPhone
		{4870546D-83DE-47A7-8F1D-893BCBB5CC98}.Release|iPhone.ActiveCfg = Release|iPhone
		{4870546D-83DE-47A7-8F1D-893BCBB5CC98}.Release|iPhone.Build.0 = Release|iPhone
		{4870546D-83DE-47A7-8F1D-893BCBB5CC98}.Release|iPhoneSimulator.ActiveCfg = Release|iPhoneSimulator
		{4870546D-83DE-47A7-8F1D-893BCBB5CC98}.Release|iPhoneSimulator.Build.0 = Release|iPhoneSimulator
		{4870546D-83DE-47A7-8F1D-893BCBB5CC98}.Release|x64.ActiveCfg = Release|iPhone
		{4870546D-83DE-47A7-8F1D-893BCBB5CC98}.Release|x86.ActiveCfg = Release|iPhone
	EndGlobalSection
	GlobalSection(SolutionProperties) = preSolution
		HideSolutionNode = FALSE
	EndGlobalSection
EndGlobal
