
Microsoft Visual Studio Solution File, Format Version 12.00
# Visual Studio 15
VisualStudioVersion = 15.0.27703.2035
MinimumVisualStudioVersion = 10.0.40219.1
Project("{FAE04EC0-301F-11D3-BF4B-00C04F79EFBC}") = "XF.EssentialAPI.Android", "XF.EssentialAPI\XF.EssentialAPI.Android\XF.EssentialAPI.Android.csproj", "{234FCA63-817E-412B-B480-C61E633E323F}"
EndProject
Project("{FAE04EC0-301F-11D3-BF4B-00C04F79EFBC}") = "XF.EssentialAPI.iOS", "XF.EssentialAPI\XF.EssentialAPI.iOS\XF.EssentialAPI.iOS.csproj", "{0DF18D28-C219-492B-9ACE-7E83E45712DC}"
EndProject
Project("{FAE04EC0-301F-11D3-BF4B-00C04F79EFBC}") = "XF.EssentialAPI", "XF.EssentialAPI\XF.EssentialAPI\XF.EssentialAPI.csproj", "{D0E1460C-11D8-4433-B73E-E8882EDA3F60}"
EndProject
Global
	GlobalSection(SolutionConfigurationPlatforms) = preSolution
		Ad-Hoc|Any CPU = Ad-Hoc|Any CPU
		Ad-Hoc|iPhone = Ad-Hoc|iPhone
		Ad-Hoc|iPhoneSimulator = Ad-Hoc|iPhoneSimulator
		AppStore|Any CPU = AppStore|Any CPU
		AppStore|iPhone = AppStore|iPhone
		AppStore|iPhoneSimulator = AppStore|iPhoneSimulator
		Debug|Any CPU = Debug|Any CPU
		Debug|iPhone = Debug|iPhone
		Debug|iPhoneSimulator = Debug|iPhoneSimulator
		Release|Any CPU = Release|Any CPU
		Release|iPhone = Release|iPhone
		Release|iPhoneSimulator = Release|iPhoneSimulator
	EndGlobalSection
	GlobalSection(ProjectConfigurationPlatforms) = postSolution
		{234FCA63-817E-412B-B480-C61E633E323F}.Ad-Hoc|Any CPU.ActiveCfg = Release|Any CPU
		{234FCA63-817E-412B-B480-C61E633E323F}.Ad-Hoc|Any CPU.Build.0 = Release|Any CPU
		{234FCA63-817E-412B-B480-C61E633E323F}.Ad-Hoc|Any CPU.Deploy.0 = Release|Any CPU
		{234FCA63-817E-412B-B480-C61E633E323F}.Ad-Hoc|iPhone.ActiveCfg = Release|Any CPU
		{234FCA63-817E-412B-B480-C61E633E323F}.Ad-Hoc|iPhone.Build.0 = Release|Any CPU
		{234FCA63-817E-412B-B480-C61E633E323F}.Ad-Hoc|iPhone.Deploy.0 = Release|Any CPU
		{234FCA63-817E-412B-B480-C61E633E323F}.Ad-Hoc|iPhoneSimulator.ActiveCfg = Release|Any CPU
		{234FCA63-817E-412B-B480-C61E633E323F}.Ad-Hoc|iPhoneSimulator.Build.0 = Release|Any CPU
		{234FCA63-817E-412B-B480-C61E633E323F}.Ad-Hoc|iPhoneSimulator.Deploy.0 = Release|Any CPU
		{234FCA63-817E-412B-B480-C61E633E323F}.AppStore|Any CPU.ActiveCfg = Release|Any CPU
		{234FCA63-817E-412B-B480-C61E633E323F}.AppStore|Any CPU.Build.0 = Release|Any CPU
		{234FCA63-817E-412B-B480-C61E633E323F}.AppStore|Any CPU.Deploy.0 = Release|Any CPU
		{234FCA63-817E-412B-B480-C61E633E323F}.AppStore|iPhone.ActiveCfg = Release|Any CPU
		{234FCA63-817E-412B-B480-C61E633E323F}.AppStore|iPhone.Build.0 = Release|Any CPU
		{234FCA63-817E-412B-B480-C61E633E323F}.AppStore|iPhone.Deploy.0 = Release|Any CPU
		{234FCA63-817E-412B-B480-C61E633E323F}.AppStore|iPhoneSimulator.ActiveCfg = Release|Any CPU
		{234FCA63-817E-412B-B480-C61E633E323F}.AppStore|iPhoneSimulator.Build.0 = Release|Any CPU
		{234FCA63-817E-412B-B480-C61E633E323F}.AppStore|iPhoneSimulator.Deploy.0 = Release|Any CPU
		{234FCA63-817E-412B-B480-C61E633E323F}.Debug|Any CPU.ActiveCfg = Debug|Any CPU
		{234FCA63-817E-412B-B480-C61E633E323F}.Debug|Any CPU.Build.0 = Debug|Any CPU
		{234FCA63-817E-412B-B480-C61E633E323F}.Debug|Any CPU.Deploy.0 = Debug|Any CPU
		{234FCA63-817E-412B-B480-C61E633E323F}.Debug|iPhone.ActiveCfg = Debug|Any CPU
		{234FCA63-817E-412B-B480-C61E633E323F}.Debug|iPhone.Build.0 = Debug|Any CPU
		{234FCA63-817E-412B-B480-C61E633E323F}.Debug|iPhone.Deploy.0 = Debug|Any CPU
		{234FCA63-817E-412B-B480-C61E633E323F}.Debug|iPhoneSimulator.ActiveCfg = Debug|Any CPU
		{234FCA63-817E-412B-B480-C61E633E323F}.Debug|iPhoneSimulator.Build.0 = Debug|Any CPU
		{234FCA63-817E-412B-B480-C61E633E323F}.Debug|iPhoneSimulator.Deploy.0 = Debug|Any CPU
		{234FCA63-817E-412B-B480-C61E633E323F}.Release|Any CPU.ActiveCfg = Release|Any CPU
		{234FCA63-817E-412B-B480-C61E633E323F}.Release|Any CPU.Build.0 = Release|Any CPU
		{234FCA63-817E-412B-B480-C61E633E323F}.Release|Any CPU.Deploy.0 = Release|Any CPU
		{234FCA63-817E-412B-B480-C61E633E323F}.Release|iPhone.ActiveCfg = Release|Any CPU
		{234FCA63-817E-412B-B480-C61E633E323F}.Release|iPhone.Build.0 = Release|Any CPU
		{234FCA63-817E-412B-B480-C61E633E323F}.Release|iPhone.Deploy.0 = Release|Any CPU
		{234FCA63-817E-412B-B480-C61E633E323F}.Release|iPhoneSimulator.ActiveCfg = Release|Any CPU
		{234FCA63-817E-412B-B480-C61E633E323F}.Release|iPhoneSimulator.Build.0 = Release|Any CPU
		{234FCA63-817E-412B-B480-C61E633E323F}.Release|iPhoneSimulator.Deploy.0 = Release|Any CPU
		{0DF18D28-C219-492B-9ACE-7E83E45712DC}.Ad-Hoc|Any CPU.ActiveCfg = Ad-Hoc|iPhone
		{0DF18D28-C219-492B-9ACE-7E83E45712DC}.Ad-Hoc|Any CPU.Build.0 = Ad-Hoc|iPhone
		{0DF18D28-C219-492B-9ACE-7E83E45712DC}.Ad-Hoc|Any CPU.Deploy.0 = Ad-Hoc|iPhone
		{0DF18D28-C219-492B-9ACE-7E83E45712DC}.Ad-Hoc|iPhone.ActiveCfg = Ad-Hoc|iPhone
		{0DF18D28-C219-492B-9ACE-7E83E45712DC}.Ad-Hoc|iPhone.Build.0 = Ad-Hoc|iPhone
		{0DF18D28-C219-492B-9ACE-7E83E45712DC}.Ad-Hoc|iPhone.Deploy.0 = Ad-Hoc|iPhone
		{0DF18D28-C219-492B-9ACE-7E83E45712DC}.Ad-Hoc|iPhoneSimulator.ActiveCfg = Ad-Hoc|iPhoneSimulator
		{0DF18D28-C219-492B-9ACE-7E83E45712DC}.Ad-Hoc|iPhoneSimulator.Build.0 = Ad-Hoc|iPhoneSimulator
		{0DF18D28-C219-492B-9ACE-7E83E45712DC}.Ad-Hoc|iPhoneSimulator.Deploy.0 = Ad-Hoc|iPhoneSimulator
		{0DF18D28-C219-492B-9ACE-7E83E45712DC}.AppStore|Any CPU.ActiveCfg = AppStore|iPhone
		{0DF18D28-C219-492B-9ACE-7E83E45712DC}.AppStore|Any CPU.Build.0 = AppStore|iPhone
		{0DF18D28-C219-492B-9ACE-7E83E45712DC}.AppStore|Any CPU.Deploy.0 = AppStore|iPhone
		{0DF18D28-C219-492B-9ACE-7E83E45712DC}.AppStore|iPhone.ActiveCfg = AppStore|iPhone
		{0DF18D28-C219-492B-9ACE-7E83E45712DC}.AppStore|iPhone.Build.0 = AppStore|iPhone
		{0DF18D28-C219-492B-9ACE-7E83E45712DC}.AppStore|iPhone.Deploy.0 = AppStore|iPhone
		{0DF18D28-C219-492B-9ACE-7E83E45712DC}.AppStore|iPhoneSimulator.ActiveCfg = AppStore|iPhoneSimulator
		{0DF18D28-C219-492B-9ACE-7E83E45712DC}.AppStore|iPhoneSimulator.Build.0 = AppStore|iPhoneSimulator
		{0DF18D28-C219-492B-9ACE-7E83E45712DC}.AppStore|iPhoneSimulator.Deploy.0 = AppStore|iPhoneSimulator
		{0DF18D28-C219-492B-9ACE-7E83E45712DC}.Debug|Any CPU.ActiveCfg = Debug|iPhoneSimulator
		{0DF18D28-C219-492B-9ACE-7E83E45712DC}.Debug|Any CPU.Build.0 = Debug|iPhoneSimulator
		{0DF18D28-C219-492B-9ACE-7E83E45712DC}.Debug|Any CPU.Deploy.0 = Debug|iPhoneSimulator
		{0DF18D28-C219-492B-9ACE-7E83E45712DC}.Debug|iPhone.ActiveCfg = Debug|iPhone
		{0DF18D28-C219-492B-9ACE-7E83E45712DC}.Debug|iPhone.Build.0 = Debug|iPhone
		{0DF18D28-C219-492B-9ACE-7E83E45712DC}.Debug|iPhone.Deploy.0 = Debug|iPhone
		{0DF18D28-C219-492B-9ACE-7E83E45712DC}.Debug|iPhoneSimulator.ActiveCfg = Debug|iPhoneSimulator
		{0DF18D28-C219-492B-9ACE-7E83E45712DC}.Debug|iPhoneSimulator.Build.0 = Debug|iPhoneSimulator
		{0DF18D28-C219-492B-9ACE-7E83E45712DC}.Debug|iPhoneSimulator.Deploy.0 = Debug|iPhoneSimulator
		{0DF18D28-C219-492B-9ACE-7E83E45712DC}.Release|Any CPU.ActiveCfg = Release|iPhone
		{0DF18D28-C219-492B-9ACE-7E83E45712DC}.Release|Any CPU.Build.0 = Release|iPhone
		{0DF18D28-C219-492B-9ACE-7E83E45712DC}.Release|Any CPU.Deploy.0 = Release|iPhone
		{0DF18D28-C219-492B-9ACE-7E83E45712DC}.Release|iPhone.ActiveCfg = Release|iPhone
		{0DF18D28-C219-492B-9ACE-7E83E45712DC}.Release|iPhone.Build.0 = Release|iPhone
		{0DF18D28-C219-492B-9ACE-7E83E45712DC}.Release|iPhone.Deploy.0 = Release|iPhone
		{0DF18D28-C219-492B-9ACE-7E83E45712DC}.Release|iPhoneSimulator.ActiveCfg = Release|iPhoneSimulator
		{0DF18D28-C219-492B-9ACE-7E83E45712DC}.Release|iPhoneSimulator.Build.0 = Release|iPhoneSimulator
		{0DF18D28-C219-492B-9ACE-7E83E45712DC}.Release|iPhoneSimulator.Deploy.0 = Release|iPhoneSimulator
		{D0E1460C-11D8-4433-B73E-E8882EDA3F60}.Ad-Hoc|Any CPU.ActiveCfg = Debug|Any CPU
		{D0E1460C-11D8-4433-B73E-E8882EDA3F60}.Ad-Hoc|Any CPU.Build.0 = Debug|Any CPU
		{D0E1460C-11D8-4433-B73E-E8882EDA3F60}.Ad-Hoc|Any CPU.Deploy.0 = Debug|Any CPU
		{D0E1460C-11D8-4433-B73E-E8882EDA3F60}.Ad-Hoc|iPhone.ActiveCfg = Debug|Any CPU
		{D0E1460C-11D8-4433-B73E-E8882EDA3F60}.Ad-Hoc|iPhone.Build.0 = Debug|Any CPU
		{D0E1460C-11D8-4433-B73E-E8882EDA3F60}.Ad-Hoc|iPhone.Deploy.0 = Debug|Any CPU
		{D0E1460C-11D8-4433-B73E-E8882EDA3F60}.Ad-Hoc|iPhoneSimulator.ActiveCfg = Debug|Any CPU
		{D0E1460C-11D8-4433-B73E-E8882EDA3F60}.Ad-Hoc|iPhoneSimulator.Build.0 = Debug|Any CPU
		{D0E1460C-11D8-4433-B73E-E8882EDA3F60}.Ad-Hoc|iPhoneSimulator.Deploy.0 = Debug|Any CPU
		{D0E1460C-11D8-4433-B73E-E8882EDA3F60}.AppStore|Any CPU.ActiveCfg = Debug|Any CPU
		{D0E1460C-11D8-4433-B73E-E8882EDA3F60}.AppStore|Any CPU.Build.0 = Debug|Any CPU
		{D0E1460C-11D8-4433-B73E-E8882EDA3F60}.AppStore|Any CPU.Deploy.0 = Debug|Any CPU
		{D0E1460C-11D8-4433-B73E-E8882EDA3F60}.AppStore|iPhone.ActiveCfg = Debug|Any CPU
		{D0E1460C-11D8-4433-B73E-E8882EDA3F60}.AppStore|iPhone.Build.0 = Debug|Any CPU
		{D0E1460C-11D8-4433-B73E-E8882EDA3F60}.AppStore|iPhone.Deploy.0 = Debug|Any CPU
		{D0E1460C-11D8-4433-B73E-E8882EDA3F60}.AppStore|iPhoneSimulator.ActiveCfg = Debug|Any CPU
		{D0E1460C-11D8-4433-B73E-E8882EDA3F60}.AppStore|iPhoneSimulator.Build.0 = Debug|Any CPU
		{D0E1460C-11D8-4433-B73E-E8882EDA3F60}.AppStore|iPhoneSimulator.Deploy.0 = Debug|Any CPU
		{D0E1460C-11D8-4433-B73E-E8882EDA3F60}.Debug|Any CPU.ActiveCfg = Debug|Any CPU
		{D0E1460C-11D8-4433-B73E-E8882EDA3F60}.Debug|Any CPU.Build.0 = Debug|Any CPU
		{D0E1460C-11D8-4433-B73E-E8882EDA3F60}.Debug|Any CPU.Deploy.0 = Debug|Any CPU
		{D0E1460C-11D8-4433-B73E-E8882EDA3F60}.Debug|iPhone.ActiveCfg = Debug|Any CPU
		{D0E1460C-11D8-4433-B73E-E8882EDA3F60}.Debug|iPhone.Build.0 = Debug|Any CPU
		{D0E1460C-11D8-4433-B73E-E8882EDA3F60}.Debug|iPhone.Deploy.0 = Debug|Any CPU
		{D0E1460C-11D8-4433-B73E-E8882EDA3F60}.Debug|iPhoneSimulator.ActiveCfg = Debug|Any CPU
		{D0E1460C-11D8-4433-B73E-E8882EDA3F60}.Debug|iPhoneSimulator.Build.0 = Debug|Any CPU
		{D0E1460C-11D8-4433-B73E-E8882EDA3F60}.Debug|iPhoneSimulator.Deploy.0 = Debug|Any CPU
		{D0E1460C-11D8-4433-B73E-E8882EDA3F60}.Release|Any CPU.ActiveCfg = Release|Any CPU
		{D0E1460C-11D8-4433-B73E-E8882EDA3F60}.Release|Any CPU.Build.0 = Release|Any CPU
		{D0E1460C-11D8-4433-B73E-E8882EDA3F60}.Release|Any CPU.Deploy.0 = Release|Any CPU
		{D0E1460C-11D8-4433-B73E-E8882EDA3F60}.Release|iPhone.ActiveCfg = Release|Any CPU
		{D0E1460C-11D8-4433-B73E-E8882EDA3F60}.Release|iPhone.Build.0 = Release|Any CPU
		{D0E1460C-11D8-4433-B73E-E8882EDA3F60}.Release|iPhone.Deploy.0 = Release|Any CPU
		{D0E1460C-11D8-4433-B73E-E8882EDA3F60}.Release|iPhoneSimulator.ActiveCfg = Release|Any CPU
		{D0E1460C-11D8-4433-B73E-E8882EDA3F60}.Release|iPhoneSimulator.Build.0 = Release|Any CPU
		{D0E1460C-11D8-4433-B73E-E8882EDA3F60}.Release|iPhoneSimulator.Deploy.0 = Release|Any CPU
	EndGlobalSection
	GlobalSection(SolutionProperties) = preSolution
		HideSolutionNode = FALSE
	EndGlobalSection
	GlobalSection(ExtensibilityGlobals) = postSolution
		SolutionGuid = {99214C90-8404-4712-8116-67907576A86B}
	EndGlobalSection
EndGlobal
